// !$*UTF8*$!
{
	archiveVersion = 1;
	classes = {
	};
	objectVersion = 56;
	objects = {

/* Begin PBXBuildFile section */
		B10000000000000000000001 /* MorningAlarmApp.swift in Sources */ = {isa = PBXBuildFile; fileRef = F10000000000000000000001 /* MorningAlarmApp.swift */; };
		B10000000000000000000002 /* AppDependencyContainer.swift in Sources */ = {isa = PBXBuildFile; fileRef = F10000000000000000000002 /* AppDependencyContainer.swift */; };
		B10000000000000000000003 /* Alarm.swift in Sources */ = {isa = PBXBuildFile; fileRef = F10000000000000000000003 /* Alarm.swift */; };
		B10000000000000000000004 /* LocalTime.swift in Sources */ = {isa = PBXBuildFile; fileRef = F10000000000000000000004 /* LocalTime.swift */; };
		B10000000000000000000005 /* AlarmSoundConfiguration.swift in Sources */ = {isa = PBXBuildFile; fileRef = F10000000000000000000005 /* AlarmSoundConfiguration.swift */; };
		B10000000000000000000006 /* SnoozeConfiguration.swift in Sources */ = {isa = PBXBuildFile; fileRef = F10000000000000000000006 /* SnoozeConfiguration.swift */; };
		B10000000000000000000007 /* AlarmRuntimeState.swift in Sources */ = {isa = PBXBuildFile; fileRef = F10000000000000000000007 /* AlarmRuntimeState.swift */; };
		B10000000000000000000008 /* AlarmCoordinator.swift in Sources */ = {isa = PBXBuildFile; fileRef = F10000000000000000000008 /* AlarmCoordinator.swift */; };
		B10000000000000000000009 /* AlarmRepository.swift in Sources */ = {isa = PBXBuildFile; fileRef = F10000000000000000000009 /* AlarmRepository.swift */; };
		B1000000000000000000000A /* FileAlarmRepository.swift in Sources */ = {isa = PBXBuildFile; fileRef = F1000000000000000000000A /* FileAlarmRepository.swift */; };
		B1000000000000000000000B /* AlarmScheduler.swift in Sources */ = {isa = PBXBuildFile; fileRef = F1000000000000000000000B /* AlarmScheduler.swift */; };
		B1000000000000000000000C /* AlarmKitScheduler.swift in Sources */ = {isa = PBXBuildFile; fileRef = F1000000000000000000000C /* AlarmKitScheduler.swift */; };
		B1000000000000000000000D /* LocalAlarmAudioPlayer.swift in Sources */ = {isa = PBXBuildFile; fileRef = F1000000000000000000000D /* LocalAlarmAudioPlayer.swift */; };
		B1000000000000000000000E /* AlarmListView.swift in Sources */ = {isa = PBXBuildFile; fileRef = F1000000000000000000000E /* AlarmListView.swift */; };
		B1000000000000000000000F /* AlarmEditorView.swift in Sources */ = {isa = PBXBuildFile; fileRef = F1000000000000000000000F /* AlarmEditorView.swift */; };
		B10000000000000000000010 /* AlarmRingingView.swift in Sources */ = {isa = PBXBuildFile; fileRef = F10000000000000000000010 /* AlarmRingingView.swift */; };
		B10000000000000000000011 /* OpenAlarmIntent.swift in Sources */ = {isa = PBXBuildFile; fileRef = F10000000000000000000011 /* OpenAlarmIntent.swift */; };
		B10000000000000000000012 /* default_alarm.wav in Resources */ = {isa = PBXBuildFile; fileRef = F10000000000000000000012 /* default_alarm.wav */; };
		B10000000000000000000013 /* Assets.xcassets in Resources */ = {isa = PBXBuildFile; fileRef = F10000000000000000000013 /* Assets.xcassets */; };
		B10000000000000000000014 /* MorningAlarmWidgets.swift in Sources */ = {isa = PBXBuildFile; fileRef = F10000000000000000000014 /* MorningAlarmWidgets.swift */; };
		B10000000000000000000015 /* MorningAlarmWidgetsBundle.swift in Sources */ = {isa = PBXBuildFile; fileRef = F10000000000000000000015 /* MorningAlarmWidgetsBundle.swift */; };
		B10000000000000000000016 /* MorningAlarmWidgets.appex in Embed Foundation Extensions */ = {isa = PBXBuildFile; fileRef = P10000000000000000000002 /* MorningAlarmWidgets.appex */; settings = {ATTRIBUTES = (RemoveHeadersOnCopy, ); }; };
		B10000000000000000000017 /* MorningAlarmMetadata.swift in Sources */ = {isa = PBXBuildFile; fileRef = F10000000000000000000019 /* MorningAlarmMetadata.swift */; };
		B10000000000000000000018 /* MorningAlarmMetadata.swift in Sources */ = {isa = PBXBuildFile; fileRef = F10000000000000000000019 /* MorningAlarmMetadata.swift */; };
		B10000000000000000000019 /* Weekday.swift in Sources */ = {isa = PBXBuildFile; fileRef = F10000000000000000000020 /* Weekday.swift */; };
		B10000000000000000000020 /* Recurrence.swift in Sources */ = {isa = PBXBuildFile; fileRef = F10000000000000000000021 /* Recurrence.swift */; };
		B10000000000000000000021 /* MissionType.swift in Sources */ = {isa = PBXBuildFile; fileRef = F10000000000000000000022 /* MissionType.swift */; };
		B10000000000000000000022 /* MissionConfiguration.swift in Sources */ = {isa = PBXBuildFile; fileRef = F10000000000000000000023 /* MissionConfiguration.swift */; };
		B10000000000000000000023 /* MissionResult.swift in Sources */ = {isa = PBXBuildFile; fileRef = F10000000000000000000024 /* MissionResult.swift */; };
		B10000000000000000000024 /* MissionRunner.swift in Sources */ = {isa = PBXBuildFile; fileRef = F10000000000000000000025 /* MissionRunner.swift */; };
		B10000000000000000000025 /* MissionSession.swift in Sources */ = {isa = PBXBuildFile; fileRef = F10000000000000000000026 /* MissionSession.swift */; };
		B10000000000000000000026 /* StepValidationEngine.swift in Sources */ = {isa = PBXBuildFile; fileRef = F10000000000000000000027 /* StepValidationEngine.swift */; };
		B10000000000000000000027 /* StepMissionRunner.swift in Sources */ = {isa = PBXBuildFile; fileRef = F10000000000000000000028 /* StepMissionRunner.swift */; };
		B10000000000000000000028 /* MissionCoordinator.swift in Sources */ = {isa = PBXBuildFile; fileRef = F10000000000000000000029 /* MissionCoordinator.swift */; };
		B10000000000000000000029 /* StepCounter.swift in Sources */ = {isa = PBXBuildFile; fileRef = F10000000000000000000030 /* StepCounter.swift */; };
		B10000000000000000000030 /* PedometerStepCounter.swift in Sources */ = {isa = PBXBuildFile; fileRef = F10000000000000000000031 /* PedometerStepCounter.swift */; };
		B10000000000000000000031 /* MissionView.swift in Sources */ = {isa = PBXBuildFile; fileRef = F10000000000000000000032 /* MissionView.swift */; };
		B10000000000000000000032 /* QRCodeRegistration.swift in Sources */ = {isa = PBXBuildFile; fileRef = F10000000000000000000033 /* QRCodeRegistration.swift */; };
		B10000000000000000000033 /* QRCodeRepository.swift in Sources */ = {isa = PBXBuildFile; fileRef = F10000000000000000000034 /* QRCodeRepository.swift */; };
		B10000000000000000000034 /* FileQRCodeRepository.swift in Sources */ = {isa = PBXBuildFile; fileRef = F10000000000000000000035 /* FileQRCodeRepository.swift */; };
		B10000000000000000000035 /* QRScannerView.swift in Sources */ = {isa = PBXBuildFile; fileRef = F10000000000000000000036 /* QRScannerView.swift */; };
		B10000000000000000000036 /* QRMissionContentView.swift in Sources */ = {isa = PBXBuildFile; fileRef = F10000000000000000000037 /* QRMissionContentView.swift */; };
		B10000000000000000000037 /* QRSetupView.swift in Sources */ = {isa = PBXBuildFile; fileRef = F10000000000000000000038 /* QRSetupView.swift */; };
		B10000000000000000000038 /* ChessPiece.swift in Sources */ = {isa = PBXBuildFile; fileRef = F10000000000000000000039 /* ChessPiece.swift */; };
		B10000000000000000000039 /* ChessSquare.swift in Sources */ = {isa = PBXBuildFile; fileRef = F10000000000000000000040 /* ChessSquare.swift */; };
		B10000000000000000000040 /* ChessMove.swift in Sources */ = {isa = PBXBuildFile; fileRef = F10000000000000000000041 /* ChessMove.swift */; };
		B10000000000000000000041 /* ChessBoard.swift in Sources */ = {isa = PBXBuildFile; fileRef = F10000000000000000000042 /* ChessBoard.swift */; };
		B10000000000000000000042 /* Puzzle.swift in Sources */ = {isa = PBXBuildFile; fileRef = F10000000000000000000043 /* Puzzle.swift */; };
		B10000000000000000000043 /* ChessEngine.swift in Sources */ = {isa = PBXBuildFile; fileRef = F10000000000000000000044 /* ChessEngine.swift */; };
		B10000000000000000000044 /* PuzzleRepository.swift in Sources */ = {isa = PBXBuildFile; fileRef = F10000000000000000000045 /* PuzzleRepository.swift */; };
		B10000000000000000000045 /* ChessBoardView.swift in Sources */ = {isa = PBXBuildFile; fileRef = F10000000000000000000046 /* ChessBoardView.swift */; };
		B10000000000000000000046 /* ChessMissionContentView.swift in Sources */ = {isa = PBXBuildFile; fileRef = F10000000000000000000047 /* ChessMissionContentView.swift */; };
		B10000000000000000000047 /* Quote.swift in Sources */ = {isa = PBXBuildFile; fileRef = F10000000000000000000048 /* Quote.swift */; };
		B10000000000000000000048 /* QuoteRepository.swift in Sources */ = {isa = PBXBuildFile; fileRef = F10000000000000000000049 /* QuoteRepository.swift */; };
		B10000000000000000000049 /* QuoteCoordinator.swift in Sources */ = {isa = PBXBuildFile; fileRef = F10000000000000000000050 /* QuoteCoordinator.swift */; };
		B10000000000000000000050 /* PostAlarmAction.swift in Sources */ = {isa = PBXBuildFile; fileRef = F10000000000000000000051 /* PostAlarmAction.swift */; };
		B10000000000000000000051 /* ExternalAppLauncher.swift in Sources */ = {isa = PBXBuildFile; fileRef = F10000000000000000000052 /* ExternalAppLauncher.swift */; };
		B10000000000000000000052 /* quotes.json in Resources */ = {isa = PBXBuildFile; fileRef = F10000000000000000000053 /* quotes.json */; };
		B10000000000000000000053 /* WakeUpCheckConfiguration.swift in Sources */ = {isa = PBXBuildFile; fileRef = F10000000000000000000054 /* WakeUpCheckConfiguration.swift */; };
		B10000000000000000000054 /* GentleWakeConfiguration.swift in Sources */ = {isa = PBXBuildFile; fileRef = F10000000000000000000055 /* GentleWakeConfiguration.swift */; };
		B10000000000000000000055 /* WakeUpCheckStateStore.swift in Sources */ = {isa = PBXBuildFile; fileRef = F10000000000000000000056 /* WakeUpCheckStateStore.swift */; };
		B10000000000000000000056 /* WakeUpCoordinator.swift in Sources */ = {isa = PBXBuildFile; fileRef = F10000000000000000000057 /* WakeUpCoordinator.swift */; };
		B10000000000000000000057 /* SnoozedConfirmationView.swift in Sources */ = {isa = PBXBuildFile; fileRef = F10000000000000000000058 /* SnoozedConfirmationView.swift */; };
		B10000000000000000000058 /* MorningCompleteView.swift in Sources */ = {isa = PBXBuildFile; fileRef = F10000000000000000000059 /* MorningCompleteView.swift */; };
		B10000000000000000000059 /* WakeUpCheckView.swift in Sources */ = {isa = PBXBuildFile; fileRef = F10000000000000000000060 /* WakeUpCheckView.swift */; };
		B10000000000000000000060 /* MissionConfigurationPicker.swift in Sources */ = {isa = PBXBuildFile; fileRef = F10000000000000000000061 /* MissionConfigurationPicker.swift */; };
		B10000000000000000000061 /* puzzles.json in Resources */ = {isa = PBXBuildFile; fileRef = F10000000000000000000062 /* puzzles.json */; };
/* End PBXBuildFile section */

/* Begin PBXContainerItemProxy section */
		C10000000000000000000001 /* PBXContainerItemProxy */ = {
			isa = PBXContainerItemProxy;
			containerPortal = A10000000000000000000001 /* Project object */;
			proxyType = 1;
			remoteGlobalIDString = T10000000000000000000002;
			remoteInfo = MorningAlarmWidgets;
		};
/* End PBXContainerItemProxy section */

/* Begin PBXCopyFilesBuildPhase section */
		PH10000000000000000000001 /* Embed Foundation Extensions */ = {
			isa = PBXCopyFilesBuildPhase;
			buildActionMask = 2147483647;
			dstPath = "";
			dstSubfolderSpec = 13;
			files = (
				B10000000000000000000016 /* MorningAlarmWidgets.appex in Embed Foundation Extensions */,
			);
			name = "Embed Foundation Extensions";
			runOnlyForDeploymentPostprocessing = 0;
		};
/* End PBXCopyFilesBuildPhase section */

/* Begin PBXFileReference section */
		F10000000000000000000001 /* MorningAlarmApp.swift */ = {isa = PBXFileReference; lastKnownFileType = sourcecode.swift; path = MorningAlarmApp.swift; sourceTree = "<group>"; };
		F10000000000000000000002 /* AppDependencyContainer.swift */ = {isa = PBXFileReference; lastKnownFileType = sourcecode.swift; path = AppDependencyContainer.swift; sourceTree = "<group>"; };
		F10000000000000000000003 /* Alarm.swift */ = {isa = PBXFileReference; lastKnownFileType = sourcecode.swift; path = Alarm.swift; sourceTree = "<group>"; };
		F10000000000000000000004 /* LocalTime.swift */ = {isa = PBXFileReference; lastKnownFileType = sourcecode.swift; path = LocalTime.swift; sourceTree = "<group>"; };
		F10000000000000000000005 /* AlarmSoundConfiguration.swift */ = {isa = PBXFileReference; lastKnownFileType = sourcecode.swift; path = AlarmSoundConfiguration.swift; sourceTree = "<group>"; };
		F10000000000000000000006 /* SnoozeConfiguration.swift */ = {isa = PBXFileReference; lastKnownFileType = sourcecode.swift; path = SnoozeConfiguration.swift; sourceTree = "<group>"; };
		F10000000000000000000007 /* AlarmRuntimeState.swift */ = {isa = PBXFileReference; lastKnownFileType = sourcecode.swift; path = AlarmRuntimeState.swift; sourceTree = "<group>"; };
		F10000000000000000000008 /* AlarmCoordinator.swift */ = {isa = PBXFileReference; lastKnownFileType = sourcecode.swift; path = AlarmCoordinator.swift; sourceTree = "<group>"; };
		F10000000000000000000009 /* AlarmRepository.swift */ = {isa = PBXFileReference; lastKnownFileType = sourcecode.swift; path = AlarmRepository.swift; sourceTree = "<group>"; };
		F1000000000000000000000A /* FileAlarmRepository.swift */ = {isa = PBXFileReference; lastKnownFileType = sourcecode.swift; path = FileAlarmRepository.swift; sourceTree = "<group>"; };
		F1000000000000000000000B /* AlarmScheduler.swift */ = {isa = PBXFileReference; lastKnownFileType = sourcecode.swift; path = AlarmScheduler.swift; sourceTree = "<group>"; };
		F1000000000000000000000C /* AlarmKitScheduler.swift */ = {isa = PBXFileReference; lastKnownFileType = sourcecode.swift; path = AlarmKitScheduler.swift; sourceTree = "<group>"; };
		F1000000000000000000000D /* LocalAlarmAudioPlayer.swift */ = {isa = PBXFileReference; lastKnownFileType = sourcecode.swift; path = LocalAlarmAudioPlayer.swift; sourceTree = "<group>"; };
		F1000000000000000000000E /* AlarmListView.swift */ = {isa = PBXFileReference; lastKnownFileType = sourcecode.swift; path = AlarmListView.swift; sourceTree = "<group>"; };
		F1000000000000000000000F /* AlarmEditorView.swift */ = {isa = PBXFileReference; lastKnownFileType = sourcecode.swift; path = AlarmEditorView.swift; sourceTree = "<group>"; };
		F10000000000000000000010 /* AlarmRingingView.swift */ = {isa = PBXFileReference; lastKnownFileType = sourcecode.swift; path = AlarmRingingView.swift; sourceTree = "<group>"; };
		F10000000000000000000011 /* OpenAlarmIntent.swift */ = {isa = PBXFileReference; lastKnownFileType = sourcecode.swift; path = OpenAlarmIntent.swift; sourceTree = "<group>"; };
		F10000000000000000000012 /* default_alarm.wav */ = {isa = PBXFileReference; lastKnownFileType = audio.wav; path = default_alarm.wav; sourceTree = "<group>"; };
		F10000000000000000000013 /* Assets.xcassets */ = {isa = PBXFileReference; lastKnownFileType = folder.assetcatalog; path = Assets.xcassets; sourceTree = "<group>"; };
		F10000000000000000000014 /* MorningAlarmWidgets.swift */ = {isa = PBXFileReference; lastKnownFileType = sourcecode.swift; path = MorningAlarmWidgets.swift; sourceTree = "<group>"; };
		F10000000000000000000015 /* MorningAlarmWidgetsBundle.swift */ = {isa = PBXFileReference; lastKnownFileType = sourcecode.swift; path = MorningAlarmWidgetsBundle.swift; sourceTree = "<group>"; };
		F10000000000000000000016 /* Info.plist */ = {isa = PBXFileReference; lastKnownFileType = text.plist.xml; path = Info.plist; sourceTree = "<group>"; };
		F10000000000000000000017 /* MorningAlarm.entitlements */ = {isa = PBXFileReference; lastKnownFileType = text.plist.entitlements; path = MorningAlarm.entitlements; sourceTree = "<group>"; };
		F10000000000000000000018 /* Info.plist */ = {isa = PBXFileReference; lastKnownFileType = text.plist.xml; path = Info.plist; sourceTree = "<group>"; };
		F10000000000000000000019 /* MorningAlarmMetadata.swift */ = {isa = PBXFileReference; lastKnownFileType = sourcecode.swift; path = MorningAlarmMetadata.swift; sourceTree = "<group>"; };
		P10000000000000000000001 /* MorningAlarm.app */ = {isa = PBXFileReference; explicitFileType = wrapper.application; includeInIndex = 0; path = MorningAlarm.app; sourceTree = BUILT_PRODUCTS_DIR; };
		P10000000000000000000002 /* MorningAlarmWidgets.appex */ = {isa = PBXFileReference; explicitFileType = "wrapper.app-extension"; includeInIndex = 0; path = MorningAlarmWidgets.appex; sourceTree = BUILT_PRODUCTS_DIR; };
		F10000000000000000000020 /* Weekday.swift */ = {isa = PBXFileReference; lastKnownFileType = sourcecode.swift; path = Weekday.swift; sourceTree = "<group>"; };
		F10000000000000000000021 /* Recurrence.swift */ = {isa = PBXFileReference; lastKnownFileType = sourcecode.swift; path = Recurrence.swift; sourceTree = "<group>"; };
		F10000000000000000000022 /* MissionType.swift */ = {isa = PBXFileReference; lastKnownFileType = sourcecode.swift; path = MissionType.swift; sourceTree = "<group>"; };
		F10000000000000000000023 /* MissionConfiguration.swift */ = {isa = PBXFileReference; lastKnownFileType = sourcecode.swift; path = MissionConfiguration.swift; sourceTree = "<group>"; };
		F10000000000000000000024 /* MissionResult.swift */ = {isa = PBXFileReference; lastKnownFileType = sourcecode.swift; path = MissionResult.swift; sourceTree = "<group>"; };
		F10000000000000000000025 /* MissionRunner.swift */ = {isa = PBXFileReference; lastKnownFileType = sourcecode.swift; path = MissionRunner.swift; sourceTree = "<group>"; };
		F10000000000000000000026 /* MissionSession.swift */ = {isa = PBXFileReference; lastKnownFileType = sourcecode.swift; path = MissionSession.swift; sourceTree = "<group>"; };
		F10000000000000000000027 /* StepValidationEngine.swift */ = {isa = PBXFileReference; lastKnownFileType = sourcecode.swift; path = StepValidationEngine.swift; sourceTree = "<group>"; };
		F10000000000000000000028 /* StepMissionRunner.swift */ = {isa = PBXFileReference; lastKnownFileType = sourcecode.swift; path = StepMissionRunner.swift; sourceTree = "<group>"; };
		F10000000000000000000029 /* MissionCoordinator.swift */ = {isa = PBXFileReference; lastKnownFileType = sourcecode.swift; path = MissionCoordinator.swift; sourceTree = "<group>"; };
		F10000000000000000000030 /* StepCounter.swift */ = {isa = PBXFileReference; lastKnownFileType = sourcecode.swift; path = StepCounter.swift; sourceTree = "<group>"; };
		F10000000000000000000031 /* PedometerStepCounter.swift */ = {isa = PBXFileReference; lastKnownFileType = sourcecode.swift; path = PedometerStepCounter.swift; sourceTree = "<group>"; };
		F10000000000000000000032 /* MissionView.swift */ = {isa = PBXFileReference; lastKnownFileType = sourcecode.swift; path = MissionView.swift; sourceTree = "<group>"; };
		F10000000000000000000033 /* QRCodeRegistration.swift */ = {isa = PBXFileReference; lastKnownFileType = sourcecode.swift; path = QRCodeRegistration.swift; sourceTree = "<group>"; };
		F10000000000000000000034 /* QRCodeRepository.swift */ = {isa = PBXFileReference; lastKnownFileType = sourcecode.swift; path = QRCodeRepository.swift; sourceTree = "<group>"; };
		F10000000000000000000035 /* FileQRCodeRepository.swift */ = {isa = PBXFileReference; lastKnownFileType = sourcecode.swift; path = FileQRCodeRepository.swift; sourceTree = "<group>"; };
		F10000000000000000000036 /* QRScannerView.swift */ = {isa = PBXFileReference; lastKnownFileType = sourcecode.swift; path = QRScannerView.swift; sourceTree = "<group>"; };
		F10000000000000000000037 /* QRMissionContentView.swift */ = {isa = PBXFileReference; lastKnownFileType = sourcecode.swift; path = QRMissionContentView.swift; sourceTree = "<group>"; };
		F10000000000000000000038 /* QRSetupView.swift */ = {isa = PBXFileReference; lastKnownFileType = sourcecode.swift; path = QRSetupView.swift; sourceTree = "<group>"; };
		F10000000000000000000039 /* ChessPiece.swift */ = {isa = PBXFileReference; lastKnownFileType = sourcecode.swift; path = ChessPiece.swift; sourceTree = "<group>"; };
		F10000000000000000000040 /* ChessSquare.swift */ = {isa = PBXFileReference; lastKnownFileType = sourcecode.swift; path = ChessSquare.swift; sourceTree = "<group>"; };
		F10000000000000000000041 /* ChessMove.swift */ = {isa = PBXFileReference; lastKnownFileType = sourcecode.swift; path = ChessMove.swift; sourceTree = "<group>"; };
		F10000000000000000000042 /* ChessBoard.swift */ = {isa = PBXFileReference; lastKnownFileType = sourcecode.swift; path = ChessBoard.swift; sourceTree = "<group>"; };
		F10000000000000000000043 /* Puzzle.swift */ = {isa = PBXFileReference; lastKnownFileType = sourcecode.swift; path = Puzzle.swift; sourceTree = "<group>"; };
		F10000000000000000000044 /* ChessEngine.swift */ = {isa = PBXFileReference; lastKnownFileType = sourcecode.swift; path = ChessEngine.swift; sourceTree = "<group>"; };
		F10000000000000000000045 /* PuzzleRepository.swift */ = {isa = PBXFileReference; lastKnownFileType = sourcecode.swift; path = PuzzleRepository.swift; sourceTree = "<group>"; };
		F10000000000000000000046 /* ChessBoardView.swift */ = {isa = PBXFileReference; lastKnownFileType = sourcecode.swift; path = ChessBoardView.swift; sourceTree = "<group>"; };
		F10000000000000000000047 /* ChessMissionContentView.swift */ = {isa = PBXFileReference; lastKnownFileType = sourcecode.swift; path = ChessMissionContentView.swift; sourceTree = "<group>"; };
		F10000000000000000000048 /* Quote.swift */ = {isa = PBXFileReference; lastKnownFileType = sourcecode.swift; path = Quote.swift; sourceTree = "<group>"; };
		F10000000000000000000049 /* QuoteRepository.swift */ = {isa = PBXFileReference; lastKnownFileType = sourcecode.swift; path = QuoteRepository.swift; sourceTree = "<group>"; };
		F10000000000000000000050 /* QuoteCoordinator.swift */ = {isa = PBXFileReference; lastKnownFileType = sourcecode.swift; path = QuoteCoordinator.swift; sourceTree = "<group>"; };
		F10000000000000000000051 /* PostAlarmAction.swift */ = {isa = PBXFileReference; lastKnownFileType = sourcecode.swift; path = PostAlarmAction.swift; sourceTree = "<group>"; };
		F10000000000000000000052 /* ExternalAppLauncher.swift */ = {isa = PBXFileReference; lastKnownFileType = sourcecode.swift; path = ExternalAppLauncher.swift; sourceTree = "<group>"; };
		F10000000000000000000053 /* quotes.json */ = {isa = PBXFileReference; lastKnownFileType = text.json; path = quotes.json; sourceTree = "<group>"; };
		F10000000000000000000054 /* WakeUpCheckConfiguration.swift */ = {isa = PBXFileReference; lastKnownFileType = sourcecode.swift; path = WakeUpCheckConfiguration.swift; sourceTree = "<group>"; };
		F10000000000000000000055 /* GentleWakeConfiguration.swift */ = {isa = PBXFileReference; lastKnownFileType = sourcecode.swift; path = GentleWakeConfiguration.swift; sourceTree = "<group>"; };
		F10000000000000000000056 /* WakeUpCheckStateStore.swift */ = {isa = PBXFileReference; lastKnownFileType = sourcecode.swift; path = WakeUpCheckStateStore.swift; sourceTree = "<group>"; };
		F10000000000000000000057 /* WakeUpCoordinator.swift */ = {isa = PBXFileReference; lastKnownFileType = sourcecode.swift; path = WakeUpCoordinator.swift; sourceTree = "<group>"; };
		F10000000000000000000058 /* SnoozedConfirmationView.swift */ = {isa = PBXFileReference; lastKnownFileType = sourcecode.swift; path = SnoozedConfirmationView.swift; sourceTree = "<group>"; };
		F10000000000000000000059 /* MorningCompleteView.swift */ = {isa = PBXFileReference; lastKnownFileType = sourcecode.swift; path = MorningCompleteView.swift; sourceTree = "<group>"; };
		F10000000000000000000060 /* WakeUpCheckView.swift */ = {isa = PBXFileReference; lastKnownFileType = sourcecode.swift; path = WakeUpCheckView.swift; sourceTree = "<group>"; };
		F10000000000000000000061 /* MissionConfigurationPicker.swift */ = {isa = PBXFileReference; lastKnownFileType = sourcecode.swift; path = MissionConfigurationPicker.swift; sourceTree = "<group>"; };
		F10000000000000000000062 /* puzzles.json */ = {isa = PBXFileReference; lastKnownFileType = text.json; path = puzzles.json; sourceTree = "<group>"; };
/* End PBXFileReference section */

/* Begin PBXFrameworksBuildPhase section */
		FR10000000000000000000001 /* Frameworks */ = {
			isa = PBXFrameworksBuildPhase;
			buildActionMask = 2147483647;
			files = (
							B10000000000000000000052 /* quotes.json in Resources */,
				B10000000000000000000061 /* puzzles.json in Resources */,
);
			runOnlyForDeploymentPostprocessing = 0;
		};
		FR10000000000000000000002 /* Frameworks */ = {
			isa = PBXFrameworksBuildPhase;
			buildActionMask = 2147483647;
			files = (
			);
			runOnlyForDeploymentPostprocessing = 0;
		};
/* End PBXFrameworksBuildPhase section */

/* Begin PBXGroup section */
		G10000000000000000000001 = {
			isa = PBXGroup;
			children = (
				G10000000000000000000002 /* MorningAlarm */,
				G10000000000000000000003 /* MorningAlarmWidgets */,
				G10000000000000000000004 /* Products */,
			);
			sourceTree = "<group>";
		};
		G10000000000000000000002 /* MorningAlarm */ = {
			isa = PBXGroup;
			children = (
				G10000000000000000000005 /* App */,
				G10000000000000000000006 /* Domain */,
				G10000000000000000000007 /* Application */,
				G10000000000000000000008 /* Infrastructure */,
				G10000000000000000000009 /* Features */,
				G1000000000000000000000A /* System */,
				G1000000000000000000000B /* Resources */,
				F10000000000000000000013 /* Assets.xcassets */,
				F10000000000000000000016 /* Info.plist */,
				F10000000000000000000017 /* MorningAlarm.entitlements */,
			);
			path = MorningAlarm;
			sourceTree = "<group>";
		};
		G10000000000000000000003 /* MorningAlarmWidgets */ = {
			isa = PBXGroup;
			children = (
				F10000000000000000000014 /* MorningAlarmWidgets.swift */,
				F10000000000000000000015 /* MorningAlarmWidgetsBundle.swift */,
				F10000000000000000000018 /* Info.plist */,
							G10000000000000000000015 /* Mission */,
				F10000000000000000000029 /* MissionCoordinator.swift */,
				G10000000000000000000016 /* Motion */,
				G10000000000000000000017 /* MissionExperience */,
				G10000000000000000000018 /* QR */,
				G10000000000000000000019 /* QR */,
				G10000000000000000000020 /* QRSetup */,
				G10000000000000000000021 /* Chess */,
				G10000000000000000000022 /* Chess */,
				G10000000000000000000023 /* Quotes */,
				G10000000000000000000024 /* Quotes */,
				F10000000000000000000050 /* QuoteCoordinator.swift */,
				G10000000000000000000025 /* ExternalApps */,
				G10000000000000000000026 /* Quotes */,
				G10000000000000000000027 /* WakeUp */,
				F10000000000000000000057 /* WakeUpCoordinator.swift */,
				G10000000000000000000028 /* MorningComplete */,
				G10000000000000000000029 /* WakeUpCheck */,
				G10000000000000000000030 /* Puzzles */,
);
			path = MorningAlarmWidgets;
			sourceTree = "<group>";
		};
		G10000000000000000000004 /* Products */ = {
			isa = PBXGroup;
			children = (
				P10000000000000000000001 /* MorningAlarm.app */,
				P10000000000000000000002 /* MorningAlarmWidgets.appex */,
							F10000000000000000000022 /* MissionType.swift */,
				F10000000000000000000023 /* MissionConfiguration.swift */,
				F10000000000000000000024 /* MissionResult.swift */,
				F10000000000000000000025 /* MissionRunner.swift */,
				F10000000000000000000026 /* MissionSession.swift */,
				F10000000000000000000027 /* StepValidationEngine.swift */,
				F10000000000000000000028 /* StepMissionRunner.swift */,
				F10000000000000000000030 /* StepCounter.swift */,
				F10000000000000000000031 /* PedometerStepCounter.swift */,
				F10000000000000000000032 /* MissionView.swift */,
				F10000000000000000000033 /* QRCodeRegistration.swift */,
				F10000000000000000000036 /* QRScannerView.swift */,
				F10000000000000000000037 /* QRMissionContentView.swift */,
				F10000000000000000000038 /* QRSetupView.swift */,
				F10000000000000000000039 /* ChessPiece.swift */,
				F10000000000000000000040 /* ChessSquare.swift */,
				F10000000000000000000041 /* ChessMove.swift */,
				F10000000000000000000042 /* ChessBoard.swift */,
				F10000000000000000000043 /* Puzzle.swift */,
				F10000000000000000000044 /* ChessEngine.swift */,
				F10000000000000000000045 /* PuzzleRepository.swift */,
				F10000000000000000000046 /* ChessBoardView.swift */,
				F10000000000000000000047 /* ChessMissionContentView.swift */,
				F10000000000000000000048 /* Quote.swift */,
				F10000000000000000000049 /* QuoteRepository.swift */,
				F10000000000000000000052 /* ExternalAppLauncher.swift */,
				F10000000000000000000053 /* quotes.json */,
				F10000000000000000000054 /* WakeUpCheckConfiguration.swift */,
				F10000000000000000000059 /* MorningCompleteView.swift */,
				F10000000000000000000060 /* WakeUpCheckView.swift */,
				F10000000000000000000062 /* puzzles.json */,
);
			name = Products;
			sourceTree = "<group>";
		};
		G10000000000000000000005 /* App */ = {
			isa = PBXGroup;
			children = (
				F10000000000000000000001 /* MorningAlarmApp.swift */,
				F10000000000000000000002 /* AppDependencyContainer.swift */,
			);
			path = App;
			sourceTree = "<group>";
		};
		G10000000000000000000006 /* Domain */ = {
			isa = PBXGroup;
			children = (
				G1000000000000000000000C /* Alarm */,
			);
			path = Domain;
			sourceTree = "<group>";
		};
		G10000000000000000000007 /* Application */ = {
			isa = PBXGroup;
			children = (
				F10000000000000000000008 /* AlarmCoordinator.swift */,
							F10000000000000000000020 /* Weekday.swift */,
				F10000000000000000000021 /* Recurrence.swift */,
				F10000000000000000000051 /* PostAlarmAction.swift */,
				F10000000000000000000055 /* GentleWakeConfiguration.swift */,
);
			path = Application;
			sourceTree = "<group>";
		};
		G10000000000000000000008 /* Infrastructure */ = {
			isa = PBXGroup;
			children = (
				G1000000000000000000000D /* Persistence */,
				G1000000000000000000000E /* Alarm */,
				G1000000000000000000000F /* Audio */,
			);
			path = Infrastructure;
			sourceTree = "<group>";
		};
		G10000000000000000000009 /* Features */ = {
			isa = PBXGroup;
			children = (
				G10000000000000000000010 /* AlarmList */,
				G10000000000000000000011 /* AlarmEditor */,
				G10000000000000000000012 /* AlarmExperience */,
							F10000000000000000000034 /* QRCodeRepository.swift */,
				F10000000000000000000035 /* FileQRCodeRepository.swift */,
				F10000000000000000000056 /* WakeUpCheckStateStore.swift */,
);
			path = Features;
			sourceTree = "<group>";
		};
		G1000000000000000000000A /* System */ = {
			isa = PBXGroup;
			children = (
				G10000000000000000000013 /* AppIntents */,
							F10000000000000000000058 /* SnoozedConfirmationView.swift */,
				F10000000000000000000061 /* MissionConfigurationPicker.swift */,
);
			path = System;
			sourceTree = "<group>";
		};
		G1000000000000000000000B /* Resources */ = {
			isa = PBXGroup;
			children = (
				G10000000000000000000014 /* Sounds */,
			);
			path = Resources;
			sourceTree = "<group>";
		};
		G1000000000000000000000C /* Alarm */ = {
			isa = PBXGroup;
			children = (
				F10000000000000000000003 /* Alarm.swift */,
				F10000000000000000000004 /* LocalTime.swift */,
				F10000000000000000000005 /* AlarmSoundConfiguration.swift */,
				F10000000000000000000006 /* SnoozeConfiguration.swift */,
				F10000000000000000000007 /* AlarmRuntimeState.swift */,
				F10000000000000000000019 /* MorningAlarmMetadata.swift */,
			);
			path = Alarm;
			sourceTree = "<group>";
		};
		G1000000000000000000000D /* Persistence */ = {
			isa = PBXGroup;
			children = (
				F10000000000000000000009 /* AlarmRepository.swift */,
				F1000000000000000000000A /* FileAlarmRepository.swift */,
			);
			path = Persistence;
			sourceTree = "<group>";
		};
		G1000000000000000000000E /* Alarm */ = {
			isa = PBXGroup;
			children = (
				F1000000000000000000000B /* AlarmScheduler.swift */,
				F1000000000000000000000C /* AlarmKitScheduler.swift */,
			);
			path = Alarm;
			sourceTree = "<group>";
		};
		G1000000000000000000000F /* Audio */ = {
			isa = PBXGroup;
			children = (
				F1000000000000000000000D /* LocalAlarmAudioPlayer.swift */,
			);
			path = Audio;
			sourceTree = "<group>";
		};
		G10000000000000000000010 /* AlarmList */ = {
			isa = PBXGroup;
			children = (
				F1000000000000000000000E /* AlarmListView.swift */,
			);
			path = AlarmList;
			sourceTree = "<group>";
		};
		G10000000000000000000011 /* AlarmEditor */ = {
			isa = PBXGroup;
			children = (
				F1000000000000000000000F /* AlarmEditorView.swift */,
			);
			path = AlarmEditor;
			sourceTree = "<group>";
		};
		G10000000000000000000012 /* AlarmExperience */ = {
			isa = PBXGroup;
			children = (
				F10000000000000000000010 /* AlarmRingingView.swift */,
			);
			path = AlarmExperience;
			sourceTree = "<group>";
		};
		G10000000000000000000013 /* AppIntents */ = {
			isa = PBXGroup;
			children = (
				F10000000000000000000011 /* OpenAlarmIntent.swift */,
			);
			path = AppIntents;
			sourceTree = "<group>";
		};
		G10000000000000000000014 /* Sounds */ = {
			isa = PBXGroup;
			children = (
				F10000000000000000000012 /* default_alarm.wav */,
			);
			path = Sounds;
			sourceTree = "<group>";
		};
		G10000000000000000000015 /* Mission */ = {
			isa = PBXGroup;
			children = (
			);
			path = Mission;
			sourceTree = "<group>";
		};
		G10000000000000000000016 /* Motion */ = {
			isa = PBXGroup;
			children = (
			);
			path = Motion;
			sourceTree = "<group>";
		};
		G10000000000000000000017 /* MissionExperience */ = {
			isa = PBXGroup;
			children = (
			);
			path = MissionExperience;
			sourceTree = "<group>";
		};
		G10000000000000000000018 /* QR */ = {
			isa = PBXGroup;
			children = (
			);
			path = QR;
			sourceTree = "<group>";
		};
		G10000000000000000000019 /* QR */ = {
			isa = PBXGroup;
			children = (
			);
			path = QR;
			sourceTree = "<group>";
		};
		G10000000000000000000020 /* QRSetup */ = {
			isa = PBXGroup;
			children = (
			);
			path = QRSetup;
			sourceTree = "<group>";
		};
		G10000000000000000000021 /* Chess */ = {
			isa = PBXGroup;
			children = (
			);
			path = Chess;
			sourceTree = "<group>";
		};
		G10000000000000000000022 /* Chess */ = {
			isa = PBXGroup;
			children = (
			);
			path = Chess;
			sourceTree = "<group>";
		};
		G10000000000000000000023 /* Quotes */ = {
			isa = PBXGroup;
			children = (
			);
			path = Quotes;
			sourceTree = "<group>";
		};
		G10000000000000000000024 /* Quotes */ = {
			isa = PBXGroup;
			children = (
			);
			path = Quotes;
			sourceTree = "<group>";
		};
		G10000000000000000000025 /* ExternalApps */ = {
			isa = PBXGroup;
			children = (
			);
			path = ExternalApps;
			sourceTree = "<group>";
		};
		G10000000000000000000026 /* Quotes */ = {
			isa = PBXGroup;
			children = (
			);
			path = Quotes;
			sourceTree = "<group>";
		};
		G10000000000000000000027 /* WakeUp */ = {
			isa = PBXGroup;
			children = (
			);
			path = WakeUp;
			sourceTree = "<group>";
		};
		G10000000000000000000028 /* MorningComplete */ = {
			isa = PBXGroup;
			children = (
			);
			path = MorningComplete;
			sourceTree = "<group>";
		};
		G10000000000000000000029 /* WakeUpCheck */ = {
			isa = PBXGroup;
			children = (
			);
			path = WakeUpCheck;
			sourceTree = "<group>";
		};
		G10000000000000000000030 /* Puzzles */ = {
			isa = PBXGroup;
			children = (
			);
			path = Puzzles;
			sourceTree = "<group>";
		};
/* End PBXGroup section */

/* Begin PBXNativeTarget section */
		T10000000000000000000001 /* MorningAlarm */ = {
			isa = PBXNativeTarget;
			buildConfigurationList = CL10000000000000000000002 /* Build configuration list for PBXNativeTarget "MorningAlarm" */;
			buildPhases = (
				S10000000000000000000001 /* Sources */,
				FR10000000000000000000001 /* Frameworks */,
				R10000000000000000000001 /* Resources */,
				PH10000000000000000000001 /* Embed Foundation Extensions */,
			);
			buildRules = (
			);
			dependencies = (
				D10000000000000000000001 /* PBXTargetDependency */,
			);
			name = MorningAlarm;
			productName = MorningAlarm;
			productReference = P10000000000000000000001 /* MorningAlarm.app */;
			productType = "com.apple.product-type.application";
		};
		T10000000000000000000002 /* MorningAlarmWidgets */ = {
			isa = PBXNativeTarget;
			buildConfigurationList = CL10000000000000000000003 /* Build configuration list for PBXNativeTarget "MorningAlarmWidgets" */;
			buildPhases = (
				S10000000000000000000002 /* Sources */,
				FR10000000000000000000002 /* Frameworks */,
				R10000000000000000000002 /* Resources */,
			);
			buildRules = (
			);
			dependencies = (
			);
			name = MorningAlarmWidgets;
			productName = MorningAlarmWidgets;
			productReference = P10000000000000000000002 /* MorningAlarmWidgets.appex */;
			productType = "com.apple.product-type.app-extension";
		};
/* End PBXNativeTarget section */

/* Begin PBXProject section */
		A10000000000000000000001 /* Project object */ = {
			isa = PBXProject;
			attributes = {
				BuildIndependentTargetsInParallel = 1;
				LastSwiftUpdateCheck = 2600;
				LastUpgradeCheck = 2600;
				TargetAttributes = {
					T10000000000000000000001 = {
						CreatedOnToolsVersion = 26.0;
					};
					T10000000000000000000002 = {
						CreatedOnToolsVersion = 26.0;
					};
				};
			};
			buildConfigurationList = CL10000000000000000000001 /* Build configuration list for PBXProject "MorningAlarm" */;
			compatibilityVersion = "Xcode 14.0";
			developmentRegion = en;
			hasScannedForEncodings = 0;
			knownRegions = (
				en,
				Base,
			);
			mainGroup = G10000000000000000000001;
			productRefGroup = G10000000000000000000004 /* Products */;
			projectDirPath = "";
			projectRoot = "";
			targets = (
				T10000000000000000000001 /* MorningAlarm */,
				T10000000000000000000002 /* MorningAlarmWidgets */,
			);
		};
/* End PBXProject section */

/* Begin PBXResourcesBuildPhase section */
		R10000000000000000000001 /* Resources */ = {
			isa = PBXResourcesBuildPhase;
			buildActionMask = 2147483647;
			files = (
				B10000000000000000000012 /* default_alarm.wav in Resources */,
				B10000000000000000000013 /* Assets.xcassets in Resources */,
							B10000000000000000000019 /* Weekday.swift in Sources */,
				B10000000000000000000020 /* Recurrence.swift in Sources */,
				B10000000000000000000021 /* MissionType.swift in Sources */,
				B10000000000000000000022 /* MissionConfiguration.swift in Sources */,
				B10000000000000000000023 /* MissionResult.swift in Sources */,
				B10000000000000000000024 /* MissionRunner.swift in Sources */,
				B10000000000000000000025 /* MissionSession.swift in Sources */,
				B10000000000000000000026 /* StepValidationEngine.swift in Sources */,
				B10000000000000000000027 /* StepMissionRunner.swift in Sources */,
				B10000000000000000000028 /* MissionCoordinator.swift in Sources */,
				B10000000000000000000029 /* StepCounter.swift in Sources */,
				B10000000000000000000030 /* PedometerStepCounter.swift in Sources */,
				B10000000000000000000031 /* MissionView.swift in Sources */,
				B10000000000000000000032 /* QRCodeRegistration.swift in Sources */,
				B10000000000000000000033 /* QRCodeRepository.swift in Sources */,
				B10000000000000000000034 /* FileQRCodeRepository.swift in Sources */,
				B10000000000000000000035 /* QRScannerView.swift in Sources */,
				B10000000000000000000036 /* QRMissionContentView.swift in Sources */,
				B10000000000000000000037 /* QRSetupView.swift in Sources */,
				B10000000000000000000038 /* ChessPiece.swift in Sources */,
				B10000000000000000000039 /* ChessSquare.swift in Sources */,
				B10000000000000000000040 /* ChessMove.swift in Sources */,
				B10000000000000000000041 /* ChessBoard.swift in Sources */,
				B10000000000000000000042 /* Puzzle.swift in Sources */,
				B10000000000000000000043 /* ChessEngine.swift in Sources */,
				B10000000000000000000044 /* PuzzleRepository.swift in Sources */,
				B10000000000000000000045 /* ChessBoardView.swift in Sources */,
				B10000000000000000000046 /* ChessMissionContentView.swift in Sources */,
				B10000000000000000000047 /* Quote.swift in Sources */,
				B10000000000000000000048 /* QuoteRepository.swift in Sources */,
				B10000000000000000000049 /* QuoteCoordinator.swift in Sources */,
				B10000000000000000000050 /* PostAlarmAction.swift in Sources */,
				B10000000000000000000051 /* ExternalAppLauncher.swift in Sources */,
				B10000000000000000000053 /* WakeUpCheckConfiguration.swift in Sources */,
				B10000000000000000000054 /* GentleWakeConfiguration.swift in Sources */,
				B10000000000000000000055 /* WakeUpCheckStateStore.swift in Sources */,
				B10000000000000000000056 /* WakeUpCoordinator.swift in Sources */,
				B10000000000000000000057 /* SnoozedConfirmationView.swift in Sources */,
				B10000000000000000000058 /* MorningCompleteView.swift in Sources */,
				B10000000000000000000059 /* WakeUpCheckView.swift in Sources */,
				B10000000000000000000060 /* MissionConfigurationPicker.swift in Sources */,
);
			runOnlyForDeploymentPostprocessing = 0;
		};
		R10000000000000000000002 /* Resources */ = {
			isa = PBXResourcesBuildPhase;
			buildActionMask = 2147483647;
			files = (
			);
			runOnlyForDeploymentPostprocessing = 0;
		};
/* End PBXResourcesBuildPhase section */

/* Begin PBXSourcesBuildPhase section */
		S10000000000000000000001 /* Sources */ = {
			isa = PBXSourcesBuildPhase;
			buildActionMask = 2147483647;
			files = (
				B10000000000000000000001 /* MorningAlarmApp.swift in Sources */,
				B10000000000000000000002 /* AppDependencyContainer.swift in Sources */,
				B10000000000000000000003 /* Alarm.swift in Sources */,
				B10000000000000000000004 /* LocalTime.swift in Sources */,
				B10000000000000000000005 /* AlarmSoundConfiguration.swift in Sources */,
				B10000000000000000000006 /* SnoozeConfiguration.swift in Sources */,
				B10000000000000000000007 /* AlarmRuntimeState.swift in Sources */,
				B10000000000000000000008 /* AlarmCoordinator.swift in Sources */,
				B10000000000000000000009 /* AlarmRepository.swift in Sources */,
				B1000000000000000000000A /* FileAlarmRepository.swift in Sources */,
				B1000000000000000000000B /* AlarmScheduler.swift in Sources */,
				B1000000000000000000000C /* AlarmKitScheduler.swift in Sources */,
				B1000000000000000000000D /* LocalAlarmAudioPlayer.swift in Sources */,
				B1000000000000000000000E /* AlarmListView.swift in Sources */,
				B1000000000000000000000F /* AlarmEditorView.swift in Sources */,
				B10000000000000000000010 /* AlarmRingingView.swift in Sources */,
				B10000000000000000000011 /* OpenAlarmIntent.swift in Sources */,
				B10000000000000000000017 /* MorningAlarmMetadata.swift in Sources */,
			);
			runOnlyForDeploymentPostprocessing = 0;
		};
		S10000000000000000000002 /* Sources */ = {
			isa = PBXSourcesBuildPhase;
			buildActionMask = 2147483647;
			files = (
				B10000000000000000000014 /* MorningAlarmWidgets.swift in Sources */,
				B10000000000000000000015 /* MorningAlarmWidgetsBundle.swift in Sources */,
				B10000000000000000000018 /* MorningAlarmMetadata.swift in Sources */,
			);
			runOnlyForDeploymentPostprocessing = 0;
		};
/* End PBXSourcesBuildPhase section */

/* Begin PBXTargetDependency section */
		D10000000000000000000001 /* PBXTargetDependency */ = {
			isa = PBXTargetDependency;
			target = T10000000000000000000002 /* MorningAlarmWidgets */;
			targetProxy = C10000000000000000000001 /* PBXContainerItemProxy */;
		};
/* End PBXTargetDependency section */

/* Begin XCBuildConfiguration section */
		X10000000000000000000001 /* Debug */ = {
			isa = XCBuildConfiguration;
			buildSettings = {
				ALWAYS_SEARCH_USER_PATHS = NO;
				ASSETCATALOG_COMPILER_GENERATE_SWIFT_ASSET_SYMBOL_EXTENSIONS = YES;
				CLANG_ENABLE_MODULES = YES;
				CLANG_ENABLE_OBJC_ARC = YES;
				CODE_SIGN_STYLE = Automatic;
				COPY_PHASE_STRIP = NO;
				DEBUG_INFORMATION_FORMAT = dwarf;
				DEVELOPMENT_TEAM = "";
				ENABLE_STRICT_OBJC_MSGSEND = YES;
				ENABLE_TESTABILITY = YES;
				GCC_DYNAMIC_NO_PIC = NO;
				GCC_OPTIMIZATION_LEVEL = 0;
				GCC_PREPROCESSOR_DEFINITIONS = (
					"DEBUG=1",
					"$(inherited)",
				);
				IPHONEOS_DEPLOYMENT_TARGET = 26.0;
				MTL_ENABLE_DEBUG_INFO = INCLUDE_SOURCE;
				ONLY_ACTIVE_ARCH = YES;
				SDKROOT = iphoneos;
				SWIFT_ACTIVE_COMPILATION_CONDITIONS = "DEBUG $(inherited)";
				SWIFT_OPTIMIZATION_LEVEL = "-Onone";
				SWIFT_VERSION = 5.0;
			};
			name = Debug;
		};
		X10000000000000000000002 /* Release */ = {
			isa = XCBuildConfiguration;
			buildSettings = {
				ALWAYS_SEARCH_USER_PATHS = NO;
				ASSETCATALOG_COMPILER_GENERATE_SWIFT_ASSET_SYMBOL_EXTENSIONS = YES;
				CLANG_ENABLE_MODULES = YES;
				CLANG_ENABLE_OBJC_ARC = YES;
				CODE_SIGN_STYLE = Automatic;
				COPY_PHASE_STRIP = NO;
				DEBUG_INFORMATION_FORMAT = "dwarf-with-dsym";
				DEVELOPMENT_TEAM = "";
				ENABLE_NS_ASSERTIONS = NO;
				ENABLE_STRICT_OBJC_MSGSEND = YES;
				IPHONEOS_DEPLOYMENT_TARGET = 26.0;
				MTL_ENABLE_DEBUG_INFO = NO;
				SDKROOT = iphoneos;
				SWIFT_COMPILATION_MODE = wholemodule;
				SWIFT_VERSION = 5.0;
				VALIDATE_PRODUCT = YES;
			};
			name = Release;
		};
		X10000000000000000000003 /* Debug */ = {
			isa = XCBuildConfiguration;
			buildSettings = {
				ASSETCATALOG_COMPILER_APPICON_NAME = AppIcon;
				ASSETCATALOG_COMPILER_GLOBAL_ACCENT_COLOR_NAME = AccentColor;
				CODE_SIGN_ENTITLEMENTS = MorningAlarm/MorningAlarm.entitlements;
				CODE_SIGN_STYLE = Automatic;
				CURRENT_PROJECT_VERSION = 1;
				DEVELOPMENT_TEAM = PM6L924XY6;
				GENERATE_INFOPLIST_FILE = NO;
				INFOPLIST_FILE = MorningAlarm/Info.plist;
				INFOPLIST_KEY_UIApplicationSupportsIndirectInputEvents = YES;
				INFOPLIST_KEY_UILaunchScreen_Generation = YES;
				INFOPLIST_KEY_UISupportedInterfaceOrientations = UIInterfaceOrientationPortrait;
				IPHONEOS_DEPLOYMENT_TARGET = 11.4;
				LD_RUNPATH_SEARCH_PATHS = (
					"$(inherited)",
					"@executable_path/Frameworks",
				);
				MARKETING_VERSION = 0.0.1;
				PRODUCT_BUNDLE_IDENTIFIER = com.morningalarm.app;
				PRODUCT_NAME = "$(TARGET_NAME)";
				SWIFT_EMIT_LOC_STRINGS = YES;
				SWIFT_VERSION = 5.0;
				TARGETED_DEVICE_FAMILY = "1,2";
			};
			name = Debug;
		};
		X10000000000000000000004 /* Release */ = {
			isa = XCBuildConfiguration;
			buildSettings = {
				ASSETCATALOG_COMPILER_APPICON_NAME = AppIcon;
				ASSETCATALOG_COMPILER_GLOBAL_ACCENT_COLOR_NAME = AccentColor;
				CODE_SIGN_ENTITLEMENTS = MorningAlarm/MorningAlarm.entitlements;
				CODE_SIGN_STYLE = Automatic;
				CURRENT_PROJECT_VERSION = 1;
				DEVELOPMENT_TEAM = PM6L924XY6;
				GENERATE_INFOPLIST_FILE = NO;
				INFOPLIST_FILE = MorningAlarm/Info.plist;
				INFOPLIST_KEY_UIApplicationSupportsIndirectInputEvents = YES;
				INFOPLIST_KEY_UILaunchScreen_Generation = YES;
				INFOPLIST_KEY_UISupportedInterfaceOrientations = UIInterfaceOrientationPortrait;
				IPHONEOS_DEPLOYMENT_TARGET = 11.4;
				LD_RUNPATH_SEARCH_PATHS = (
					"$(inherited)",
					"@executable_path/Frameworks",
				);
				MARKETING_VERSION = 0.0.1;
				PRODUCT_BUNDLE_IDENTIFIER = com.morningalarm.app;
				PRODUCT_NAME = "$(TARGET_NAME)";
				SWIFT_EMIT_LOC_STRINGS = YES;
				SWIFT_VERSION = 5.0;
				TARGETED_DEVICE_FAMILY = "1,2";
			};
			name = Release;
		};
		X10000000000000000000005 /* Debug */ = {
			isa = XCBuildConfiguration;
			buildSettings = {
				CODE_SIGN_STYLE = Automatic;
				CURRENT_PROJECT_VERSION = 1;
				DEVELOPMENT_TEAM = "";
				GENERATE_INFOPLIST_FILE = NO;
				INFOPLIST_FILE = MorningAlarmWidgets/Info.plist;
				IPHONEOS_DEPLOYMENT_TARGET = 14.0;
				LD_RUNPATH_SEARCH_PATHS = (
					"$(inherited)",
					"@executable_path/Frameworks",
					"@executable_path/../../Frameworks",
				);
				MARKETING_VERSION = 0.0.1;
				PRODUCT_BUNDLE_IDENTIFIER = com.morningalarm.app.widgets;
				PRODUCT_NAME = "$(TARGET_NAME)";
				SKIP_INSTALL = YES;
				SWIFT_EMIT_LOC_STRINGS = YES;
				SWIFT_VERSION = 5.0;
				TARGETED_DEVICE_FAMILY = "1,2";
			};
			name = Debug;
		};
		X10000000000000000000006 /* Release */ = {
			isa = XCBuildConfiguration;
			buildSettings = {
				CODE_SIGN_STYLE = Automatic;
				CURRENT_PROJECT_VERSION = 1;
				DEVELOPMENT_TEAM = "";
				GENERATE_INFOPLIST_FILE = NO;
				INFOPLIST_FILE = MorningAlarmWidgets/Info.plist;
				IPHONEOS_DEPLOYMENT_TARGET = 14.0;
				LD_RUNPATH_SEARCH_PATHS = (
					"$(inherited)",
					"@executable_path/Frameworks",
					"@executable_path/../../Frameworks",
				);
				MARKETING_VERSION = 0.0.1;
				PRODUCT_BUNDLE_IDENTIFIER = com.morningalarm.app.widgets;
				PRODUCT_NAME = "$(TARGET_NAME)";
				SKIP_INSTALL = YES;
				SWIFT_EMIT_LOC_STRINGS = YES;
				SWIFT_VERSION = 5.0;
				TARGETED_DEVICE_FAMILY = "1,2";
			};
			name = Release;
		};
/* End XCBuildConfiguration section */

/* Begin XCConfigurationList section */
		CL10000000000000000000001 /* Build configuration list for PBXProject "MorningAlarm" */ = {
			isa = XCConfigurationList;
			buildConfigurations = (
				X10000000000000000000001 /* Debug */,
				X10000000000000000000002 /* Release */,
			);
			defaultConfigurationIsVisible = 0;
			defaultConfigurationName = Release;
		};
		CL10000000000000000000002 /* Build configuration list for PBXNativeTarget "MorningAlarm" */ = {
			isa = XCConfigurationList;
			buildConfigurations = (
				X10000000000000000000003 /* Debug */,
				X10000000000000000000004 /* Release */,
			);
			defaultConfigurationIsVisible = 0;
			defaultConfigurationName = Release;
		};
		CL10000000000000000000003 /* Build configuration list for PBXNativeTarget "MorningAlarmWidgets" */ = {
			isa = XCConfigurationList;
			buildConfigurations = (
				X10000000000000000000005 /* Debug */,
				X10000000000000000000006 /* Release */,
			);
			defaultConfigurationIsVisible = 0;
			defaultConfigurationName = Release;
		};
/* End XCConfigurationList section */
	};
	rootObject = A10000000000000000000001 /* Project object */;
}
