// !$*UTF8*$!
{
	archiveVersion = 1;
	classes = {
	};
	objectVersion = 56;
	objects = {

/* Begin PBXBuildFile section */
		BLF0000000000000000000001 /* AppDependencyContainer.swift in Sources */ = {isa = PBXBuildFile; fileRef = FRF0000000000000000000001 /* AppDependencyContainer.swift */; };
		BLF0000000000000000000002 /* MorningAlarmApp.swift in Sources */ = {isa = PBXBuildFile; fileRef = FRF0000000000000000000002 /* MorningAlarmApp.swift */; };
		BLF0000000000000000000003 /* AlarmCoordinator.swift in Sources */ = {isa = PBXBuildFile; fileRef = FRF0000000000000000000003 /* AlarmCoordinator.swift */; };
		BLF0000000000000000000004 /* MissionCoordinator.swift in Sources */ = {isa = PBXBuildFile; fileRef = FRF0000000000000000000004 /* MissionCoordinator.swift */; };
		BLF0000000000000000000005 /* QuoteCoordinator.swift in Sources */ = {isa = PBXBuildFile; fileRef = FRF0000000000000000000005 /* QuoteCoordinator.swift */; };
		BLF0000000000000000000006 /* WakeUpCoordinator.swift in Sources */ = {isa = PBXBuildFile; fileRef = FRF0000000000000000000006 /* WakeUpCoordinator.swift */; };
		BLF0000000000000000000007 /* Assets.xcassets in Resources */ = {isa = PBXBuildFile; fileRef = FRF0000000000000000000007 /* Assets.xcassets */; };
		BLF0000000000000000000008 /* Alarm.swift in Sources */ = {isa = PBXBuildFile; fileRef = FRF0000000000000000000008 /* Alarm.swift */; };
		BLF0000000000000000000009 /* AlarmRuntimeState.swift in Sources */ = {isa = PBXBuildFile; fileRef = FRF0000000000000000000009 /* AlarmRuntimeState.swift */; };
		BLF0000000000000000000010 /* AlarmSoundConfiguration.swift in Sources */ = {isa = PBXBuildFile; fileRef = FRF0000000000000000000010 /* AlarmSoundConfiguration.swift */; };
		BLF0000000000000000000011 /* GentleWakeConfiguration.swift in Sources */ = {isa = PBXBuildFile; fileRef = FRF0000000000000000000011 /* GentleWakeConfiguration.swift */; };
		BLF0000000000000000000012 /* LocalTime.swift in Sources */ = {isa = PBXBuildFile; fileRef = FRF0000000000000000000012 /* LocalTime.swift */; };
		BLF0000000000000000000013 /* MorningAlarmMetadata.swift in Sources */ = {isa = PBXBuildFile; fileRef = FRF0000000000000000000013 /* MorningAlarmMetadata.swift */; };
		BLF0000000000000000000014 /* PostAlarmAction.swift in Sources */ = {isa = PBXBuildFile; fileRef = FRF0000000000000000000014 /* PostAlarmAction.swift */; };
		BLF0000000000000000000015 /* Recurrence.swift in Sources */ = {isa = PBXBuildFile; fileRef = FRF0000000000000000000015 /* Recurrence.swift */; };
		BLF0000000000000000000016 /* SnoozeConfiguration.swift in Sources */ = {isa = PBXBuildFile; fileRef = FRF0000000000000000000016 /* SnoozeConfiguration.swift */; };
		BLF0000000000000000000017 /* Weekday.swift in Sources */ = {isa = PBXBuildFile; fileRef = FRF0000000000000000000017 /* Weekday.swift */; };
		BLF0000000000000000000018 /* ChessBoard.swift in Sources */ = {isa = PBXBuildFile; fileRef = FRF0000000000000000000018 /* ChessBoard.swift */; };
		BLF0000000000000000000019 /* ChessMove.swift in Sources */ = {isa = PBXBuildFile; fileRef = FRF0000000000000000000019 /* ChessMove.swift */; };
		BLF0000000000000000000020 /* ChessPiece.swift in Sources */ = {isa = PBXBuildFile; fileRef = FRF0000000000000000000020 /* ChessPiece.swift */; };
		BLF0000000000000000000021 /* ChessSquare.swift in Sources */ = {isa = PBXBuildFile; fileRef = FRF0000000000000000000021 /* ChessSquare.swift */; };
		BLF0000000000000000000022 /* Puzzle.swift in Sources */ = {isa = PBXBuildFile; fileRef = FRF0000000000000000000022 /* Puzzle.swift */; };
		BLF0000000000000000000023 /* MissionConfiguration.swift in Sources */ = {isa = PBXBuildFile; fileRef = FRF0000000000000000000023 /* MissionConfiguration.swift */; };
		BLF0000000000000000000024 /* MissionResult.swift in Sources */ = {isa = PBXBuildFile; fileRef = FRF0000000000000000000024 /* MissionResult.swift */; };
		BLF0000000000000000000025 /* MissionRunner.swift in Sources */ = {isa = PBXBuildFile; fileRef = FRF0000000000000000000025 /* MissionRunner.swift */; };
		BLF0000000000000000000026 /* MissionSession.swift in Sources */ = {isa = PBXBuildFile; fileRef = FRF0000000000000000000026 /* MissionSession.swift */; };
		BLF0000000000000000000027 /* MissionType.swift in Sources */ = {isa = PBXBuildFile; fileRef = FRF0000000000000000000027 /* MissionType.swift */; };
		BLF0000000000000000000028 /* StepMissionRunner.swift in Sources */ = {isa = PBXBuildFile; fileRef = FRF0000000000000000000028 /* StepMissionRunner.swift */; };
		BLF0000000000000000000029 /* StepValidationEngine.swift in Sources */ = {isa = PBXBuildFile; fileRef = FRF0000000000000000000029 /* StepValidationEngine.swift */; };
		BLF0000000000000000000030 /* QRCodeRegistration.swift in Sources */ = {isa = PBXBuildFile; fileRef = FRF0000000000000000000030 /* QRCodeRegistration.swift */; };
		BLF0000000000000000000031 /* Quote.swift in Sources */ = {isa = PBXBuildFile; fileRef = FRF0000000000000000000031 /* Quote.swift */; };
		BLF0000000000000000000032 /* WakeUpCheckConfiguration.swift in Sources */ = {isa = PBXBuildFile; fileRef = FRF0000000000000000000032 /* WakeUpCheckConfiguration.swift */; };
		BLF0000000000000000000033 /* AlarmEditorView.swift in Sources */ = {isa = PBXBuildFile; fileRef = FRF0000000000000000000033 /* AlarmEditorView.swift */; };
		BLF0000000000000000000034 /* MissionConfigurationPicker.swift in Sources */ = {isa = PBXBuildFile; fileRef = FRF0000000000000000000034 /* MissionConfigurationPicker.swift */; };
		BLF0000000000000000000035 /* AlarmRingingView.swift in Sources */ = {isa = PBXBuildFile; fileRef = FRF0000000000000000000035 /* AlarmRingingView.swift */; };
		BLF0000000000000000000036 /* SnoozedConfirmationView.swift in Sources */ = {isa = PBXBuildFile; fileRef = FRF0000000000000000000036 /* SnoozedConfirmationView.swift */; };
		BLF0000000000000000000037 /* AlarmListView.swift in Sources */ = {isa = PBXBuildFile; fileRef = FRF0000000000000000000037 /* AlarmListView.swift */; };
		BLF0000000000000000000038 /* ChessBoardView.swift in Sources */ = {isa = PBXBuildFile; fileRef = FRF0000000000000000000038 /* ChessBoardView.swift */; };
		BLF0000000000000000000039 /* ChessMissionContentView.swift in Sources */ = {isa = PBXBuildFile; fileRef = FRF0000000000000000000039 /* ChessMissionContentView.swift */; };
		BLF0000000000000000000040 /* MissionView.swift in Sources */ = {isa = PBXBuildFile; fileRef = FRF0000000000000000000040 /* MissionView.swift */; };
		BLF0000000000000000000041 /* QRMissionContentView.swift in Sources */ = {isa = PBXBuildFile; fileRef = FRF0000000000000000000041 /* QRMissionContentView.swift */; };
		BLF0000000000000000000042 /* MorningCompleteView.swift in Sources */ = {isa = PBXBuildFile; fileRef = FRF0000000000000000000042 /* MorningCompleteView.swift */; };
		BLF0000000000000000000043 /* QRSetupView.swift in Sources */ = {isa = PBXBuildFile; fileRef = FRF0000000000000000000043 /* QRSetupView.swift */; };
		BLF0000000000000000000044 /* WakeUpCheckView.swift in Sources */ = {isa = PBXBuildFile; fileRef = FRF0000000000000000000044 /* WakeUpCheckView.swift */; };
		BLF0000000000000000000045 /* AlarmKitScheduler.swift in Sources */ = {isa = PBXBuildFile; fileRef = FRF0000000000000000000046 /* AlarmKitScheduler.swift */; };
		BLF0000000000000000000046 /* AlarmScheduler.swift in Sources */ = {isa = PBXBuildFile; fileRef = FRF0000000000000000000047 /* AlarmScheduler.swift */; };
		BLF0000000000000000000047 /* LocalAlarmAudioPlayer.swift in Sources */ = {isa = PBXBuildFile; fileRef = FRF0000000000000000000048 /* LocalAlarmAudioPlayer.swift */; };
		BLF0000000000000000000048 /* ChessEngine.swift in Sources */ = {isa = PBXBuildFile; fileRef = FRF0000000000000000000049 /* ChessEngine.swift */; };
		BLF0000000000000000000049 /* PuzzleRepository.swift in Sources */ = {isa = PBXBuildFile; fileRef = FRF0000000000000000000050 /* PuzzleRepository.swift */; };
		BLF0000000000000000000050 /* ExternalAppLauncher.swift in Sources */ = {isa = PBXBuildFile; fileRef = FRF0000000000000000000051 /* ExternalAppLauncher.swift */; };
		BLF0000000000000000000051 /* PedometerStepCounter.swift in Sources */ = {isa = PBXBuildFile; fileRef = FRF0000000000000000000052 /* PedometerStepCounter.swift */; };
		BLF0000000000000000000052 /* StepCounter.swift in Sources */ = {isa = PBXBuildFile; fileRef = FRF0000000000000000000053 /* StepCounter.swift */; };
		BLF0000000000000000000053 /* AlarmRepository.swift in Sources */ = {isa = PBXBuildFile; fileRef = FRF0000000000000000000054 /* AlarmRepository.swift */; };
		BLF0000000000000000000054 /* FileAlarmRepository.swift in Sources */ = {isa = PBXBuildFile; fileRef = FRF0000000000000000000055 /* FileAlarmRepository.swift */; };
		BLF0000000000000000000055 /* FileQRCodeRepository.swift in Sources */ = {isa = PBXBuildFile; fileRef = FRF0000000000000000000056 /* FileQRCodeRepository.swift */; };
		BLF0000000000000000000056 /* QRCodeRepository.swift in Sources */ = {isa = PBXBuildFile; fileRef = FRF0000000000000000000057 /* QRCodeRepository.swift */; };
		BLF0000000000000000000057 /* WakeUpCheckStateStore.swift in Sources */ = {isa = PBXBuildFile; fileRef = FRF0000000000000000000058 /* WakeUpCheckStateStore.swift */; };
		BLF0000000000000000000058 /* QRScannerView.swift in Sources */ = {isa = PBXBuildFile; fileRef = FRF0000000000000000000059 /* QRScannerView.swift */; };
		BLF0000000000000000000059 /* QuoteRepository.swift in Sources */ = {isa = PBXBuildFile; fileRef = FRF0000000000000000000060 /* QuoteRepository.swift */; };
		BLF0000000000000000000060 /* puzzles.json in Resources */ = {isa = PBXBuildFile; fileRef = FRF0000000000000000000062 /* puzzles.json */; };
		BLF0000000000000000000061 /* quotes.json in Resources */ = {isa = PBXBuildFile; fileRef = FRF0000000000000000000063 /* quotes.json */; };
		BLF0000000000000000000062 /* default_alarm.wav in Resources */ = {isa = PBXBuildFile; fileRef = FRF0000000000000000000064 /* default_alarm.wav */; };
		BLF0000000000000000000063 /* OpenAlarmIntent.swift in Sources */ = {isa = PBXBuildFile; fileRef = FRF0000000000000000000065 /* OpenAlarmIntent.swift */; };
		BLF0000000000000000000064 /* MorningAlarmWidgets.swift in Sources */ = {isa = PBXBuildFile; fileRef = FRF0000000000000000000067 /* MorningAlarmWidgets.swift */; };
		BLF0000000000000000000065 /* MorningAlarmWidgetsBundle.swift in Sources */ = {isa = PBXBuildFile; fileRef = FRF0000000000000000000068 /* MorningAlarmWidgetsBundle.swift */; };
		BLF0000000000000000000066 /* AlarmCoordinatorTests.swift in Sources */ = {isa = PBXBuildFile; fileRef = FRF0000000000000000000069 /* AlarmCoordinatorTests.swift */; };
		BLF0000000000000000000067 /* ChessTests.swift in Sources */ = {isa = PBXBuildFile; fileRef = FRF0000000000000000000070 /* ChessTests.swift */; };
		BLF0000000000000000000068 /* Fakes.swift in Sources */ = {isa = PBXBuildFile; fileRef = FRF0000000000000000000071 /* Fakes.swift */; };
		BLF0000000000000000000069 /* MissionConfigurationTests.swift in Sources */ = {isa = PBXBuildFile; fileRef = FRF0000000000000000000072 /* MissionConfigurationTests.swift */; };
		BLF0000000000000000000070 /* MissionCoordinatorTests.swift in Sources */ = {isa = PBXBuildFile; fileRef = FRF0000000000000000000073 /* MissionCoordinatorTests.swift */; };
		BLF0000000000000000000071 /* QRCodeRegistrationTests.swift in Sources */ = {isa = PBXBuildFile; fileRef = FRF0000000000000000000074 /* QRCodeRegistrationTests.swift */; };
		BLF0000000000000000000072 /* QuoteCoordinatorTests.swift in Sources */ = {isa = PBXBuildFile; fileRef = FRF0000000000000000000075 /* QuoteCoordinatorTests.swift */; };
		BLF0000000000000000000073 /* RecurrenceTests.swift in Sources */ = {isa = PBXBuildFile; fileRef = FRF0000000000000000000076 /* RecurrenceTests.swift */; };
		BLF0000000000000000000074 /* RepositoryTests.swift in Sources */ = {isa = PBXBuildFile; fileRef = FRF0000000000000000000077 /* RepositoryTests.swift */; };
		BLF0000000000000000000075 /* StepValidationEngineTests.swift in Sources */ = {isa = PBXBuildFile; fileRef = FRF0000000000000000000078 /* StepValidationEngineTests.swift */; };
		BLF0000000000000000000076 /* WakeUpCoordinatorTests.swift in Sources */ = {isa = PBXBuildFile; fileRef = FRF0000000000000000000079 /* WakeUpCoordinatorTests.swift */; };
		BLF0000000000000000000077 /* MorningAlarmMetadata.swift in Sources */ = {isa = PBXBuildFile; fileRef = FRF0000000000000000000013 /* MorningAlarmMetadata.swift */; };
		BLF0000000000000000000078 /* MorningAlarmWidgets.appex in Embed Foundation Extensions */ = {isa = PBXBuildFile; fileRef = PRD0000000000000000000002 /* MorningAlarmWidgets.appex */; settings = {ATTRIBUTES = (RemoveHeadersOnCopy, ); }; };
		BLF0000000000000000000079 /* TestMissionView.swift in Sources */ = {isa = PBXBuildFile; fileRef = FRF0000000000000000000080 /* TestMissionView.swift */; };
		BLF0000000000000000000080 /* VolumeForcer.swift in Sources */ = {isa = PBXBuildFile; fileRef = FRF0000000000000000000081 /* VolumeForcer.swift */; };
/* End PBXBuildFile section */

/* Begin PBXContainerItemProxy section */
		CIP0000000000000000000001 /* PBXContainerItemProxy */ = {
			isa = PBXContainerItemProxy;
			containerPortal = PRJ0000000000000000000001 /* Project object */;
			proxyType = 1;
			remoteGlobalIDString = TGT0000000000000000000002;
			remoteInfo = MorningAlarmWidgets;
		};
		CIP0000000000000000000002 /* PBXContainerItemProxy */ = {
			isa = PBXContainerItemProxy;
			containerPortal = PRJ0000000000000000000001 /* Project object */;
			proxyType = 1;
			remoteGlobalIDString = TGT0000000000000000000001;
			remoteInfo = MorningAlarm;
		};
/* End PBXContainerItemProxy section */

/* Begin PBXCopyFilesBuildPhase section */
		EMB0000000000000000000001 /* Embed Foundation Extensions */ = {
			isa = PBXCopyFilesBuildPhase;
			buildActionMask = 2147483647;
			dstPath = "";
			dstSubfolderSpec = 13;
			files = (
				BLF0000000000000000000078 /* MorningAlarmWidgets.appex in Embed Foundation Extensions */,
			);
			name = "Embed Foundation Extensions";
			runOnlyForDeploymentPostprocessing = 0;
		};
/* End PBXCopyFilesBuildPhase section */

/* Begin PBXFileReference section */
		FRF0000000000000000000001 /* AppDependencyContainer.swift */ = {isa = PBXFileReference; lastKnownFileType = sourcecode.swift; path = AppDependencyContainer.swift; sourceTree = "<group>"; };
		FRF0000000000000000000002 /* MorningAlarmApp.swift */ = {isa = PBXFileReference; lastKnownFileType = sourcecode.swift; path = MorningAlarmApp.swift; sourceTree = "<group>"; };
		FRF0000000000000000000003 /* AlarmCoordinator.swift */ = {isa = PBXFileReference; lastKnownFileType = sourcecode.swift; path = AlarmCoordinator.swift; sourceTree = "<group>"; };
		FRF0000000000000000000004 /* MissionCoordinator.swift */ = {isa = PBXFileReference; lastKnownFileType = sourcecode.swift; path = MissionCoordinator.swift; sourceTree = "<group>"; };
		FRF0000000000000000000005 /* QuoteCoordinator.swift */ = {isa = PBXFileReference; lastKnownFileType = sourcecode.swift; path = QuoteCoordinator.swift; sourceTree = "<group>"; };
		FRF0000000000000000000006 /* WakeUpCoordinator.swift */ = {isa = PBXFileReference; lastKnownFileType = sourcecode.swift; path = WakeUpCoordinator.swift; sourceTree = "<group>"; };
		FRF0000000000000000000007 /* Assets.xcassets */ = {isa = PBXFileReference; lastKnownFileType = folder.assetcatalog; path = Assets.xcassets; sourceTree = "<group>"; };
		FRF0000000000000000000008 /* Alarm.swift */ = {isa = PBXFileReference; lastKnownFileType = sourcecode.swift; path = Alarm.swift; sourceTree = "<group>"; };
		FRF0000000000000000000009 /* AlarmRuntimeState.swift */ = {isa = PBXFileReference; lastKnownFileType = sourcecode.swift; path = AlarmRuntimeState.swift; sourceTree = "<group>"; };
		FRF0000000000000000000010 /* AlarmSoundConfiguration.swift */ = {isa = PBXFileReference; lastKnownFileType = sourcecode.swift; path = AlarmSoundConfiguration.swift; sourceTree = "<group>"; };
		FRF0000000000000000000011 /* GentleWakeConfiguration.swift */ = {isa = PBXFileReference; lastKnownFileType = sourcecode.swift; path = GentleWakeConfiguration.swift; sourceTree = "<group>"; };
		FRF0000000000000000000012 /* LocalTime.swift */ = {isa = PBXFileReference; lastKnownFileType = sourcecode.swift; path = LocalTime.swift; sourceTree = "<group>"; };
		FRF0000000000000000000013 /* MorningAlarmMetadata.swift */ = {isa = PBXFileReference; lastKnownFileType = sourcecode.swift; path = MorningAlarmMetadata.swift; sourceTree = "<group>"; };
		FRF0000000000000000000014 /* PostAlarmAction.swift */ = {isa = PBXFileReference; lastKnownFileType = sourcecode.swift; path = PostAlarmAction.swift; sourceTree = "<group>"; };
		FRF0000000000000000000015 /* Recurrence.swift */ = {isa = PBXFileReference; lastKnownFileType = sourcecode.swift; path = Recurrence.swift; sourceTree = "<group>"; };
		FRF0000000000000000000016 /* SnoozeConfiguration.swift */ = {isa = PBXFileReference; lastKnownFileType = sourcecode.swift; path = SnoozeConfiguration.swift; sourceTree = "<group>"; };
		FRF0000000000000000000017 /* Weekday.swift */ = {isa = PBXFileReference; lastKnownFileType = sourcecode.swift; path = Weekday.swift; sourceTree = "<group>"; };
		FRF0000000000000000000018 /* ChessBoard.swift */ = {isa = PBXFileReference; lastKnownFileType = sourcecode.swift; path = ChessBoard.swift; sourceTree = "<group>"; };
		FRF0000000000000000000019 /* ChessMove.swift */ = {isa = PBXFileReference; lastKnownFileType = sourcecode.swift; path = ChessMove.swift; sourceTree = "<group>"; };
		FRF0000000000000000000020 /* ChessPiece.swift */ = {isa = PBXFileReference; lastKnownFileType = sourcecode.swift; path = ChessPiece.swift; sourceTree = "<group>"; };
		FRF0000000000000000000021 /* ChessSquare.swift */ = {isa = PBXFileReference; lastKnownFileType = sourcecode.swift; path = ChessSquare.swift; sourceTree = "<group>"; };
		FRF0000000000000000000022 /* Puzzle.swift */ = {isa = PBXFileReference; lastKnownFileType = sourcecode.swift; path = Puzzle.swift; sourceTree = "<group>"; };
		FRF0000000000000000000023 /* MissionConfiguration.swift */ = {isa = PBXFileReference; lastKnownFileType = sourcecode.swift; path = MissionConfiguration.swift; sourceTree = "<group>"; };
		FRF0000000000000000000024 /* MissionResult.swift */ = {isa = PBXFileReference; lastKnownFileType = sourcecode.swift; path = MissionResult.swift; sourceTree = "<group>"; };
		FRF0000000000000000000025 /* MissionRunner.swift */ = {isa = PBXFileReference; lastKnownFileType = sourcecode.swift; path = MissionRunner.swift; sourceTree = "<group>"; };
		FRF0000000000000000000026 /* MissionSession.swift */ = {isa = PBXFileReference; lastKnownFileType = sourcecode.swift; path = MissionSession.swift; sourceTree = "<group>"; };
		FRF0000000000000000000027 /* MissionType.swift */ = {isa = PBXFileReference; lastKnownFileType = sourcecode.swift; path = MissionType.swift; sourceTree = "<group>"; };
		FRF0000000000000000000028 /* StepMissionRunner.swift */ = {isa = PBXFileReference; lastKnownFileType = sourcecode.swift; path = StepMissionRunner.swift; sourceTree = "<group>"; };
		FRF0000000000000000000029 /* StepValidationEngine.swift */ = {isa = PBXFileReference; lastKnownFileType = sourcecode.swift; path = StepValidationEngine.swift; sourceTree = "<group>"; };
		FRF0000000000000000000030 /* QRCodeRegistration.swift */ = {isa = PBXFileReference; lastKnownFileType = sourcecode.swift; path = QRCodeRegistration.swift; sourceTree = "<group>"; };
		FRF0000000000000000000031 /* Quote.swift */ = {isa = PBXFileReference; lastKnownFileType = sourcecode.swift; path = Quote.swift; sourceTree = "<group>"; };
		FRF0000000000000000000032 /* WakeUpCheckConfiguration.swift */ = {isa = PBXFileReference; lastKnownFileType = sourcecode.swift; path = WakeUpCheckConfiguration.swift; sourceTree = "<group>"; };
		FRF0000000000000000000033 /* AlarmEditorView.swift */ = {isa = PBXFileReference; lastKnownFileType = sourcecode.swift; path = AlarmEditorView.swift; sourceTree = "<group>"; };
		FRF0000000000000000000034 /* MissionConfigurationPicker.swift */ = {isa = PBXFileReference; lastKnownFileType = sourcecode.swift; path = MissionConfigurationPicker.swift; sourceTree = "<group>"; };
		FRF0000000000000000000035 /* AlarmRingingView.swift */ = {isa = PBXFileReference; lastKnownFileType = sourcecode.swift; path = AlarmRingingView.swift; sourceTree = "<group>"; };
		FRF0000000000000000000036 /* SnoozedConfirmationView.swift */ = {isa = PBXFileReference; lastKnownFileType = sourcecode.swift; path = SnoozedConfirmationView.swift; sourceTree = "<group>"; };
		FRF0000000000000000000037 /* AlarmListView.swift */ = {isa = PBXFileReference; lastKnownFileType = sourcecode.swift; path = AlarmListView.swift; sourceTree = "<group>"; };
		FRF0000000000000000000038 /* ChessBoardView.swift */ = {isa = PBXFileReference; lastKnownFileType = sourcecode.swift; path = ChessBoardView.swift; sourceTree = "<group>"; };
		FRF0000000000000000000039 /* ChessMissionContentView.swift */ = {isa = PBXFileReference; lastKnownFileType = sourcecode.swift; path = ChessMissionContentView.swift; sourceTree = "<group>"; };
		FRF0000000000000000000040 /* MissionView.swift */ = {isa = PBXFileReference; lastKnownFileType = sourcecode.swift; path = MissionView.swift; sourceTree = "<group>"; };
		FRF0000000000000000000041 /* QRMissionContentView.swift */ = {isa = PBXFileReference; lastKnownFileType = sourcecode.swift; path = QRMissionContentView.swift; sourceTree = "<group>"; };
		FRF0000000000000000000042 /* MorningCompleteView.swift */ = {isa = PBXFileReference; lastKnownFileType = sourcecode.swift; path = MorningCompleteView.swift; sourceTree = "<group>"; };
		FRF0000000000000000000043 /* QRSetupView.swift */ = {isa = PBXFileReference; lastKnownFileType = sourcecode.swift; path = QRSetupView.swift; sourceTree = "<group>"; };
		FRF0000000000000000000044 /* WakeUpCheckView.swift */ = {isa = PBXFileReference; lastKnownFileType = sourcecode.swift; path = WakeUpCheckView.swift; sourceTree = "<group>"; };
		FRF0000000000000000000045 /* Info.plist */ = {isa = PBXFileReference; lastKnownFileType = text.plist.xml; path = Info.plist; sourceTree = "<group>"; };
		FRF0000000000000000000046 /* AlarmKitScheduler.swift */ = {isa = PBXFileReference; lastKnownFileType = sourcecode.swift; path = AlarmKitScheduler.swift; sourceTree = "<group>"; };
		FRF0000000000000000000047 /* AlarmScheduler.swift */ = {isa = PBXFileReference; lastKnownFileType = sourcecode.swift; path = AlarmScheduler.swift; sourceTree = "<group>"; };
		FRF0000000000000000000048 /* LocalAlarmAudioPlayer.swift */ = {isa = PBXFileReference; lastKnownFileType = sourcecode.swift; path = LocalAlarmAudioPlayer.swift; sourceTree = "<group>"; };
		FRF0000000000000000000049 /* ChessEngine.swift */ = {isa = PBXFileReference; lastKnownFileType = sourcecode.swift; path = ChessEngine.swift; sourceTree = "<group>"; };
		FRF0000000000000000000050 /* PuzzleRepository.swift */ = {isa = PBXFileReference; lastKnownFileType = sourcecode.swift; path = PuzzleRepository.swift; sourceTree = "<group>"; };
		FRF0000000000000000000051 /* ExternalAppLauncher.swift */ = {isa = PBXFileReference; lastKnownFileType = sourcecode.swift; path = ExternalAppLauncher.swift; sourceTree = "<group>"; };
		FRF0000000000000000000052 /* PedometerStepCounter.swift */ = {isa = PBXFileReference; lastKnownFileType = sourcecode.swift; path = PedometerStepCounter.swift; sourceTree = "<group>"; };
		FRF0000000000000000000053 /* StepCounter.swift */ = {isa = PBXFileReference; lastKnownFileType = sourcecode.swift; path = StepCounter.swift; sourceTree = "<group>"; };
		FRF0000000000000000000054 /* AlarmRepository.swift */ = {isa = PBXFileReference; lastKnownFileType = sourcecode.swift; path = AlarmRepository.swift; sourceTree = "<group>"; };
		FRF0000000000000000000055 /* FileAlarmRepository.swift */ = {isa = PBXFileReference; lastKnownFileType = sourcecode.swift; path = FileAlarmRepository.swift; sourceTree = "<group>"; };
		FRF0000000000000000000056 /* FileQRCodeRepository.swift */ = {isa = PBXFileReference; lastKnownFileType = sourcecode.swift; path = FileQRCodeRepository.swift; sourceTree = "<group>"; };
		FRF0000000000000000000057 /* QRCodeRepository.swift */ = {isa = PBXFileReference; lastKnownFileType = sourcecode.swift; path = QRCodeRepository.swift; sourceTree = "<group>"; };
		FRF0000000000000000000058 /* WakeUpCheckStateStore.swift */ = {isa = PBXFileReference; lastKnownFileType = sourcecode.swift; path = WakeUpCheckStateStore.swift; sourceTree = "<group>"; };
		FRF0000000000000000000059 /* QRScannerView.swift */ = {isa = PBXFileReference; lastKnownFileType = sourcecode.swift; path = QRScannerView.swift; sourceTree = "<group>"; };
		FRF0000000000000000000060 /* QuoteRepository.swift */ = {isa = PBXFileReference; lastKnownFileType = sourcecode.swift; path = QuoteRepository.swift; sourceTree = "<group>"; };
		FRF0000000000000000000061 /* MorningAlarm.entitlements */ = {isa = PBXFileReference; lastKnownFileType = text.plist.entitlements; path = MorningAlarm.entitlements; sourceTree = "<group>"; };
		FRF0000000000000000000062 /* puzzles.json */ = {isa = PBXFileReference; lastKnownFileType = text.json; path = puzzles.json; sourceTree = "<group>"; };
		FRF0000000000000000000063 /* quotes.json */ = {isa = PBXFileReference; lastKnownFileType = text.json; path = quotes.json; sourceTree = "<group>"; };
		FRF0000000000000000000064 /* default_alarm.wav */ = {isa = PBXFileReference; lastKnownFileType = audio.wav; path = default_alarm.wav; sourceTree = "<group>"; };
		FRF0000000000000000000065 /* OpenAlarmIntent.swift */ = {isa = PBXFileReference; lastKnownFileType = sourcecode.swift; path = OpenAlarmIntent.swift; sourceTree = "<group>"; };
		FRF0000000000000000000066 /* Info.plist */ = {isa = PBXFileReference; lastKnownFileType = text.plist.xml; path = Info.plist; sourceTree = "<group>"; };
		FRF0000000000000000000067 /* MorningAlarmWidgets.swift */ = {isa = PBXFileReference; lastKnownFileType = sourcecode.swift; path = MorningAlarmWidgets.swift; sourceTree = "<group>"; };
		FRF0000000000000000000068 /* MorningAlarmWidgetsBundle.swift */ = {isa = PBXFileReference; lastKnownFileType = sourcecode.swift; path = MorningAlarmWidgetsBundle.swift; sourceTree = "<group>"; };
		FRF0000000000000000000069 /* AlarmCoordinatorTests.swift */ = {isa = PBXFileReference; lastKnownFileType = sourcecode.swift; path = AlarmCoordinatorTests.swift; sourceTree = "<group>"; };
		FRF0000000000000000000070 /* ChessTests.swift */ = {isa = PBXFileReference; lastKnownFileType = sourcecode.swift; path = ChessTests.swift; sourceTree = "<group>"; };
		FRF0000000000000000000071 /* Fakes.swift */ = {isa = PBXFileReference; lastKnownFileType = sourcecode.swift; path = Fakes.swift; sourceTree = "<group>"; };
		FRF0000000000000000000072 /* MissionConfigurationTests.swift */ = {isa = PBXFileReference; lastKnownFileType = sourcecode.swift; path = MissionConfigurationTests.swift; sourceTree = "<group>"; };
		FRF0000000000000000000073 /* MissionCoordinatorTests.swift */ = {isa = PBXFileReference; lastKnownFileType = sourcecode.swift; path = MissionCoordinatorTests.swift; sourceTree = "<group>"; };
		FRF0000000000000000000074 /* QRCodeRegistrationTests.swift */ = {isa = PBXFileReference; lastKnownFileType = sourcecode.swift; path = QRCodeRegistrationTests.swift; sourceTree = "<group>"; };
		FRF0000000000000000000075 /* QuoteCoordinatorTests.swift */ = {isa = PBXFileReference; lastKnownFileType = sourcecode.swift; path = QuoteCoordinatorTests.swift; sourceTree = "<group>"; };
		FRF0000000000000000000076 /* RecurrenceTests.swift */ = {isa = PBXFileReference; lastKnownFileType = sourcecode.swift; path = RecurrenceTests.swift; sourceTree = "<group>"; };
		FRF0000000000000000000077 /* RepositoryTests.swift */ = {isa = PBXFileReference; lastKnownFileType = sourcecode.swift; path = RepositoryTests.swift; sourceTree = "<group>"; };
		FRF0000000000000000000078 /* StepValidationEngineTests.swift */ = {isa = PBXFileReference; lastKnownFileType = sourcecode.swift; path = StepValidationEngineTests.swift; sourceTree = "<group>"; };
		FRF0000000000000000000079 /* WakeUpCoordinatorTests.swift */ = {isa = PBXFileReference; lastKnownFileType = sourcecode.swift; path = WakeUpCoordinatorTests.swift; sourceTree = "<group>"; };
		PRD0000000000000000000001 /* MorningAlarm.app */ = {isa = PBXFileReference; explicitFileType = wrapper.application; includeInIndex = 0; path = MorningAlarm.app; sourceTree = BUILT_PRODUCTS_DIR; };
		PRD0000000000000000000002 /* MorningAlarmWidgets.appex */ = {isa = PBXFileReference; explicitFileType = "wrapper.app-extension"; includeInIndex = 0; path = MorningAlarmWidgets.appex; sourceTree = BUILT_PRODUCTS_DIR; };
		PRD0000000000000000000003 /* MorningAlarmTests.xctest */ = {isa = PBXFileReference; explicitFileType = wrapper.cfbundle; includeInIndex = 0; path = MorningAlarmTests.xctest; sourceTree = BUILT_PRODUCTS_DIR; };
		FRF0000000000000000000080 /* TestMissionView.swift */ = {isa = PBXFileReference; lastKnownFileType = sourcecode.swift; path = TestMissionView.swift; sourceTree = "<group>"; };
		FRF0000000000000000000081 /* VolumeForcer.swift */ = {isa = PBXFileReference; lastKnownFileType = sourcecode.swift; path = VolumeForcer.swift; sourceTree = "<group>"; };
/* End PBXFileReference section */

/* Begin PBXFrameworksBuildPhase section */
		FRM0000000000000000000001 /* Frameworks */ = {
			isa = PBXFrameworksBuildPhase;
			buildActionMask = 2147483647;
			files = (
			);
			runOnlyForDeploymentPostprocessing = 0;
		};
		FRM0000000000000000000002 /* Frameworks */ = {
			isa = PBXFrameworksBuildPhase;
			buildActionMask = 2147483647;
			files = (
			);
			runOnlyForDeploymentPostprocessing = 0;
		};
		FRM0000000000000000000003 /* Frameworks */ = {
			isa = PBXFrameworksBuildPhase;
			buildActionMask = 2147483647;
			files = (
			);
			runOnlyForDeploymentPostprocessing = 0;
		};
/* End PBXFrameworksBuildPhase section */

/* Begin PBXGroup section */
		GRP0000000000000000000036 = {
			isa = PBXGroup;
			children = (
				GRP0000000000000000000033 /* MorningAlarm */,
				GRP0000000000000000000034 /* MorningAlarmWidgets */,
				GRP0000000000000000000035 /* MorningAlarmTests */,
				GRP0000000000000000000037 /* Products */,
			);
			sourceTree = "<group>";
		};
		GRP0000000000000000000033 /* MorningAlarm */ = {
			isa = PBXGroup;
			children = (
				GRP0000000000000000000001 /* App */,
				GRP0000000000000000000002 /* Application */,
				FRF0000000000000000000007 /* Assets.xcassets */,
				GRP0000000000000000000009 /* Domain */,
				GRP0000000000000000000017 /* Features */,
				FRF0000000000000000000045 /* Info.plist */,
				GRP0000000000000000000026 /* Infrastructure */,
				FRF0000000000000000000061 /* MorningAlarm.entitlements */,
				GRP0000000000000000000030 /* Resources */,
				GRP0000000000000000000032 /* System */,
			);
			path = MorningAlarm;
			sourceTree = "<group>";
		};
		GRP0000000000000000000001 /* App */ = {
			isa = PBXGroup;
			children = (
				FRF0000000000000000000001 /* AppDependencyContainer.swift */,
				FRF0000000000000000000002 /* MorningAlarmApp.swift */,
			);
			path = App;
			sourceTree = "<group>";
		};
		GRP0000000000000000000002 /* Application */ = {
			isa = PBXGroup;
			children = (
				FRF0000000000000000000003 /* AlarmCoordinator.swift */,
				FRF0000000000000000000004 /* MissionCoordinator.swift */,
				FRF0000000000000000000005 /* QuoteCoordinator.swift */,
				FRF0000000000000000000006 /* WakeUpCoordinator.swift */,
			);
			path = Application;
			sourceTree = "<group>";
		};
		GRP0000000000000000000009 /* Domain */ = {
			isa = PBXGroup;
			children = (
				GRP0000000000000000000003 /* Alarm */,
				GRP0000000000000000000004 /* Chess */,
				GRP0000000000000000000005 /* Mission */,
				GRP0000000000000000000006 /* QR */,
				GRP0000000000000000000007 /* Quotes */,
				GRP0000000000000000000008 /* WakeUp */,
			);
			path = Domain;
			sourceTree = "<group>";
		};
		GRP0000000000000000000003 /* Alarm */ = {
			isa = PBXGroup;
			children = (
				FRF0000000000000000000008 /* Alarm.swift */,
				FRF0000000000000000000009 /* AlarmRuntimeState.swift */,
				FRF0000000000000000000010 /* AlarmSoundConfiguration.swift */,
				FRF0000000000000000000011 /* GentleWakeConfiguration.swift */,
				FRF0000000000000000000012 /* LocalTime.swift */,
				FRF0000000000000000000013 /* MorningAlarmMetadata.swift */,
				FRF0000000000000000000014 /* PostAlarmAction.swift */,
				FRF0000000000000000000015 /* Recurrence.swift */,
				FRF0000000000000000000016 /* SnoozeConfiguration.swift */,
				FRF0000000000000000000017 /* Weekday.swift */,
			);
			path = Alarm;
			sourceTree = "<group>";
		};
		GRP0000000000000000000004 /* Chess */ = {
			isa = PBXGroup;
			children = (
				FRF0000000000000000000018 /* ChessBoard.swift */,
				FRF0000000000000000000019 /* ChessMove.swift */,
				FRF0000000000000000000020 /* ChessPiece.swift */,
				FRF0000000000000000000021 /* ChessSquare.swift */,
				FRF0000000000000000000022 /* Puzzle.swift */,
			);
			path = Chess;
			sourceTree = "<group>";
		};
		GRP0000000000000000000005 /* Mission */ = {
			isa = PBXGroup;
			children = (
				FRF0000000000000000000023 /* MissionConfiguration.swift */,
				FRF0000000000000000000024 /* MissionResult.swift */,
				FRF0000000000000000000025 /* MissionRunner.swift */,
				FRF0000000000000000000026 /* MissionSession.swift */,
				FRF0000000000000000000027 /* MissionType.swift */,
				FRF0000000000000000000028 /* StepMissionRunner.swift */,
				FRF0000000000000000000029 /* StepValidationEngine.swift */,
			);
			path = Mission;
			sourceTree = "<group>";
		};
		GRP0000000000000000000006 /* QR */ = {
			isa = PBXGroup;
			children = (
				FRF0000000000000000000030 /* QRCodeRegistration.swift */,
			);
			path = QR;
			sourceTree = "<group>";
		};
		GRP0000000000000000000007 /* Quotes */ = {
			isa = PBXGroup;
			children = (
				FRF0000000000000000000031 /* Quote.swift */,
			);
			path = Quotes;
			sourceTree = "<group>";
		};
		GRP0000000000000000000008 /* WakeUp */ = {
			isa = PBXGroup;
			children = (
				FRF0000000000000000000032 /* WakeUpCheckConfiguration.swift */,
			);
			path = WakeUp;
			sourceTree = "<group>";
		};
		GRP0000000000000000000017 /* Features */ = {
			isa = PBXGroup;
			children = (
				GRP0000000000000000000010 /* AlarmEditor */,
				GRP0000000000000000000011 /* AlarmExperience */,
				GRP0000000000000000000012 /* AlarmList */,
				GRP0000000000000000000013 /* MissionExperience */,
				GRP0000000000000000000014 /* MorningComplete */,
				GRP0000000000000000000015 /* QRSetup */,
				GRP0000000000000000000016 /* WakeUpCheck */,
							GRP0000000000000000000038 /* TestMissions */,
);
			path = Features;
			sourceTree = "<group>";
		};
		GRP0000000000000000000010 /* AlarmEditor */ = {
			isa = PBXGroup;
			children = (
				FRF0000000000000000000033 /* AlarmEditorView.swift */,
				FRF0000000000000000000034 /* MissionConfigurationPicker.swift */,
			);
			path = AlarmEditor;
			sourceTree = "<group>";
		};
		GRP0000000000000000000011 /* AlarmExperience */ = {
			isa = PBXGroup;
			children = (
				FRF0000000000000000000035 /* AlarmRingingView.swift */,
				FRF0000000000000000000036 /* SnoozedConfirmationView.swift */,
			);
			path = AlarmExperience;
			sourceTree = "<group>";
		};
		GRP0000000000000000000012 /* AlarmList */ = {
			isa = PBXGroup;
			children = (
				FRF0000000000000000000037 /* AlarmListView.swift */,
			);
			path = AlarmList;
			sourceTree = "<group>";
		};
		GRP0000000000000000000013 /* MissionExperience */ = {
			isa = PBXGroup;
			children = (
				FRF0000000000000000000038 /* ChessBoardView.swift */,
				FRF0000000000000000000039 /* ChessMissionContentView.swift */,
				FRF0000000000000000000040 /* MissionView.swift */,
				FRF0000000000000000000041 /* QRMissionContentView.swift */,
			);
			path = MissionExperience;
			sourceTree = "<group>";
		};
		GRP0000000000000000000014 /* MorningComplete */ = {
			isa = PBXGroup;
			children = (
				FRF0000000000000000000042 /* MorningCompleteView.swift */,
			);
			path = MorningComplete;
			sourceTree = "<group>";
		};
		GRP0000000000000000000015 /* QRSetup */ = {
			isa = PBXGroup;
			children = (
				FRF0000000000000000000043 /* QRSetupView.swift */,
			);
			path = QRSetup;
			sourceTree = "<group>";
		};
		GRP0000000000000000000016 /* WakeUpCheck */ = {
			isa = PBXGroup;
			children = (
				FRF0000000000000000000044 /* WakeUpCheckView.swift */,
			);
			path = WakeUpCheck;
			sourceTree = "<group>";
		};
		GRP0000000000000000000026 /* Infrastructure */ = {
			isa = PBXGroup;
			children = (
				GRP0000000000000000000018 /* Alarm */,
				GRP0000000000000000000019 /* Audio */,
				GRP0000000000000000000020 /* Chess */,
				GRP0000000000000000000021 /* ExternalApps */,
				GRP0000000000000000000022 /* Motion */,
				GRP0000000000000000000023 /* Persistence */,
				GRP0000000000000000000024 /* QR */,
				GRP0000000000000000000025 /* Quotes */,
			);
			path = Infrastructure;
			sourceTree = "<group>";
		};
		GRP0000000000000000000018 /* Alarm */ = {
			isa = PBXGroup;
			children = (
				FRF0000000000000000000046 /* AlarmKitScheduler.swift */,
				FRF0000000000000000000047 /* AlarmScheduler.swift */,
			);
			path = Alarm;
			sourceTree = "<group>";
		};
		GRP0000000000000000000019 /* Audio */ = {
			isa = PBXGroup;
			children = (
				FRF0000000000000000000048 /* LocalAlarmAudioPlayer.swift */,
							FRF0000000000000000000081 /* VolumeForcer.swift */,
);
			path = Audio;
			sourceTree = "<group>";
		};
		GRP0000000000000000000020 /* Chess */ = {
			isa = PBXGroup;
			children = (
				FRF0000000000000000000049 /* ChessEngine.swift */,
				FRF0000000000000000000050 /* PuzzleRepository.swift */,
			);
			path = Chess;
			sourceTree = "<group>";
		};
		GRP0000000000000000000021 /* ExternalApps */ = {
			isa = PBXGroup;
			children = (
				FRF0000000000000000000051 /* ExternalAppLauncher.swift */,
			);
			path = ExternalApps;
			sourceTree = "<group>";
		};
		GRP0000000000000000000022 /* Motion */ = {
			isa = PBXGroup;
			children = (
				FRF0000000000000000000052 /* PedometerStepCounter.swift */,
				FRF0000000000000000000053 /* StepCounter.swift */,
			);
			path = Motion;
			sourceTree = "<group>";
		};
		GRP0000000000000000000023 /* Persistence */ = {
			isa = PBXGroup;
			children = (
				FRF0000000000000000000054 /* AlarmRepository.swift */,
				FRF0000000000000000000055 /* FileAlarmRepository.swift */,
				FRF0000000000000000000056 /* FileQRCodeRepository.swift */,
				FRF0000000000000000000057 /* QRCodeRepository.swift */,
				FRF0000000000000000000058 /* WakeUpCheckStateStore.swift */,
			);
			path = Persistence;
			sourceTree = "<group>";
		};
		GRP0000000000000000000024 /* QR */ = {
			isa = PBXGroup;
			children = (
				FRF0000000000000000000059 /* QRScannerView.swift */,
			);
			path = QR;
			sourceTree = "<group>";
		};
		GRP0000000000000000000025 /* Quotes */ = {
			isa = PBXGroup;
			children = (
				FRF0000000000000000000060 /* QuoteRepository.swift */,
			);
			path = Quotes;
			sourceTree = "<group>";
		};
		GRP0000000000000000000030 /* Resources */ = {
			isa = PBXGroup;
			children = (
				GRP0000000000000000000027 /* Puzzles */,
				GRP0000000000000000000028 /* Quotes */,
				GRP0000000000000000000029 /* Sounds */,
			);
			path = Resources;
			sourceTree = "<group>";
		};
		GRP0000000000000000000027 /* Puzzles */ = {
			isa = PBXGroup;
			children = (
				FRF0000000000000000000062 /* puzzles.json */,
			);
			path = Puzzles;
			sourceTree = "<group>";
		};
		GRP0000000000000000000028 /* Quotes */ = {
			isa = PBXGroup;
			children = (
				FRF0000000000000000000063 /* quotes.json */,
			);
			path = Quotes;
			sourceTree = "<group>";
		};
		GRP0000000000000000000029 /* Sounds */ = {
			isa = PBXGroup;
			children = (
				FRF0000000000000000000064 /* default_alarm.wav */,
			);
			path = Sounds;
			sourceTree = "<group>";
		};
		GRP0000000000000000000032 /* System */ = {
			isa = PBXGroup;
			children = (
				GRP0000000000000000000031 /* AppIntents */,
			);
			path = System;
			sourceTree = "<group>";
		};
		GRP0000000000000000000031 /* AppIntents */ = {
			isa = PBXGroup;
			children = (
				FRF0000000000000000000065 /* OpenAlarmIntent.swift */,
			);
			path = AppIntents;
			sourceTree = "<group>";
		};
		GRP0000000000000000000034 /* MorningAlarmWidgets */ = {
			isa = PBXGroup;
			children = (
				FRF0000000000000000000066 /* Info.plist */,
				FRF0000000000000000000067 /* MorningAlarmWidgets.swift */,
				FRF0000000000000000000068 /* MorningAlarmWidgetsBundle.swift */,
			);
			path = MorningAlarmWidgets;
			sourceTree = "<group>";
		};
		GRP0000000000000000000035 /* MorningAlarmTests */ = {
			isa = PBXGroup;
			children = (
				FRF0000000000000000000069 /* AlarmCoordinatorTests.swift */,
				FRF0000000000000000000070 /* ChessTests.swift */,
				FRF0000000000000000000071 /* Fakes.swift */,
				FRF0000000000000000000072 /* MissionConfigurationTests.swift */,
				FRF0000000000000000000073 /* MissionCoordinatorTests.swift */,
				FRF0000000000000000000074 /* QRCodeRegistrationTests.swift */,
				FRF0000000000000000000075 /* QuoteCoordinatorTests.swift */,
				FRF0000000000000000000076 /* RecurrenceTests.swift */,
				FRF0000000000000000000077 /* RepositoryTests.swift */,
				FRF0000000000000000000078 /* StepValidationEngineTests.swift */,
				FRF0000000000000000000079 /* WakeUpCoordinatorTests.swift */,
			);
			path = MorningAlarmTests;
			sourceTree = "<group>";
		};
		GRP0000000000000000000037 /* Products */ = {
			isa = PBXGroup;
			children = (
				PRD0000000000000000000001 /* MorningAlarm.app */,
				PRD0000000000000000000002 /* MorningAlarmWidgets.appex */,
				PRD0000000000000000000003 /* MorningAlarmTests.xctest */,
			);
			name = Products;
			sourceTree = "<group>";
		};
		GRP0000000000000000000038 /* TestMissions */ = {
			isa = PBXGroup;
			children = (
							FRF0000000000000000000080 /* TestMissionView.swift */,
);
			path = TestMissions;
			sourceTree = "<group>";
		};
/* End PBXGroup section */

/* Begin PBXNativeTarget section */
		TGT0000000000000000000001 /* MorningAlarm */ = {
			isa = PBXNativeTarget;
			buildConfigurationList = CFL0000000000000000000002 /* Build configuration list for PBXNativeTarget "MorningAlarm" */;
			buildPhases = (
				SRC0000000000000000000001 /* Sources */,
				FRM0000000000000000000001 /* Frameworks */,
				RES0000000000000000000001 /* Resources */,
				EMB0000000000000000000001 /* Embed Foundation Extensions */,
			);
			buildRules = (
			);
			dependencies = (
				TDP0000000000000000000001 /* PBXTargetDependency */,
			);
			name = MorningAlarm;
			productName = MorningAlarm;
			productReference = PRD0000000000000000000001 /* MorningAlarm.app */;
			productType = "com.apple.product-type.application";
		};
		TGT0000000000000000000002 /* MorningAlarmWidgets */ = {
			isa = PBXNativeTarget;
			buildConfigurationList = CFL0000000000000000000003 /* Build configuration list for PBXNativeTarget "MorningAlarmWidgets" */;
			buildPhases = (
				SRC0000000000000000000002 /* Sources */,
				FRM0000000000000000000002 /* Frameworks */,
				RES0000000000000000000002 /* Resources */,
			);
			buildRules = (
			);
			dependencies = (
			);
			name = MorningAlarmWidgets;
			productName = MorningAlarmWidgets;
			productReference = PRD0000000000000000000002 /* MorningAlarmWidgets.appex */;
			productType = "com.apple.product-type.app-extension";
		};
		TGT0000000000000000000003 /* MorningAlarmTests */ = {
			isa = PBXNativeTarget;
			buildConfigurationList = CFL0000000000000000000004 /* Build configuration list for PBXNativeTarget "MorningAlarmTests" */;
			buildPhases = (
				SRC0000000000000000000003 /* Sources */,
				FRM0000000000000000000003 /* Frameworks */,
				RES0000000000000000000003 /* Resources */,
			);
			buildRules = (
			);
			dependencies = (
				TDP0000000000000000000002 /* PBXTargetDependency */,
			);
			name = MorningAlarmTests;
			productName = MorningAlarmTests;
			productReference = PRD0000000000000000000003 /* MorningAlarmTests.xctest */;
			productType = "com.apple.product-type.bundle.unit-test";
		};
/* End PBXNativeTarget section */

/* Begin PBXProject section */
		PRJ0000000000000000000001 /* Project object */ = {
			isa = PBXProject;
			attributes = {
				BuildIndependentTargetsInParallel = 1;
				LastSwiftUpdateCheck = 2600;
				LastUpgradeCheck = 2600;
				TargetAttributes = {
					TGT0000000000000000000001 = {
						CreatedOnToolsVersion = 26.0;
					};
					TGT0000000000000000000002 = {
						CreatedOnToolsVersion = 26.0;
					};
					TGT0000000000000000000003 = {
						CreatedOnToolsVersion = 26.0;
						TestTargetID = TGT0000000000000000000001;
					};
				};
			};
			buildConfigurationList = CFL0000000000000000000001 /* Build configuration list for PBXProject "MorningAlarm" */;
			compatibilityVersion = "Xcode 14.0";
			developmentRegion = en;
			hasScannedForEncodings = 0;
			knownRegions = (
				en,
				Base,
			);
			mainGroup = GRP0000000000000000000036;
			productRefGroup = GRP0000000000000000000037 /* Products */;
			projectDirPath = "";
			projectRoot = "";
			targets = (
				TGT0000000000000000000001 /* MorningAlarm */,
				TGT0000000000000000000002 /* MorningAlarmWidgets */,
				TGT0000000000000000000003 /* MorningAlarmTests */,
			);
		};
/* End PBXProject section */

/* Begin PBXResourcesBuildPhase section */
		RES0000000000000000000001 /* Resources */ = {
			isa = PBXResourcesBuildPhase;
			buildActionMask = 2147483647;
			files = (
				BLF0000000000000000000007 /* Assets.xcassets in Resources */,
				BLF0000000000000000000060 /* puzzles.json in Resources */,
				BLF0000000000000000000061 /* quotes.json in Resources */,
				BLF0000000000000000000062 /* default_alarm.wav in Resources */,
			);
			runOnlyForDeploymentPostprocessing = 0;
		};
		RES0000000000000000000002 /* Resources */ = {
			isa = PBXResourcesBuildPhase;
			buildActionMask = 2147483647;
			files = (
			);
			runOnlyForDeploymentPostprocessing = 0;
		};
		RES0000000000000000000003 /* Resources */ = {
			isa = PBXResourcesBuildPhase;
			buildActionMask = 2147483647;
			files = (
			);
			runOnlyForDeploymentPostprocessing = 0;
		};
/* End PBXResourcesBuildPhase section */

/* Begin PBXSourcesBuildPhase section */
		SRC0000000000000000000001 /* Sources */ = {
			isa = PBXSourcesBuildPhase;
			buildActionMask = 2147483647;
			files = (
				BLF0000000000000000000001 /* AppDependencyContainer.swift in Sources */,
				BLF0000000000000000000002 /* MorningAlarmApp.swift in Sources */,
				BLF0000000000000000000003 /* AlarmCoordinator.swift in Sources */,
				BLF0000000000000000000004 /* MissionCoordinator.swift in Sources */,
				BLF0000000000000000000005 /* QuoteCoordinator.swift in Sources */,
				BLF0000000000000000000006 /* WakeUpCoordinator.swift in Sources */,
				BLF0000000000000000000008 /* Alarm.swift in Sources */,
				BLF0000000000000000000009 /* AlarmRuntimeState.swift in Sources */,
				BLF0000000000000000000010 /* AlarmSoundConfiguration.swift in Sources */,
				BLF0000000000000000000011 /* GentleWakeConfiguration.swift in Sources */,
				BLF0000000000000000000012 /* LocalTime.swift in Sources */,
				BLF0000000000000000000013 /* MorningAlarmMetadata.swift in Sources */,
				BLF0000000000000000000014 /* PostAlarmAction.swift in Sources */,
				BLF0000000000000000000015 /* Recurrence.swift in Sources */,
				BLF0000000000000000000016 /* SnoozeConfiguration.swift in Sources */,
				BLF0000000000000000000017 /* Weekday.swift in Sources */,
				BLF0000000000000000000018 /* ChessBoard.swift in Sources */,
				BLF0000000000000000000019 /* ChessMove.swift in Sources */,
				BLF0000000000000000000020 /* ChessPiece.swift in Sources */,
				BLF0000000000000000000021 /* ChessSquare.swift in Sources */,
				BLF0000000000000000000022 /* Puzzle.swift in Sources */,
				BLF0000000000000000000023 /* MissionConfiguration.swift in Sources */,
				BLF0000000000000000000024 /* MissionResult.swift in Sources */,
				BLF0000000000000000000025 /* MissionRunner.swift in Sources */,
				BLF0000000000000000000026 /* MissionSession.swift in Sources */,
				BLF0000000000000000000027 /* MissionType.swift in Sources */,
				BLF0000000000000000000028 /* StepMissionRunner.swift in Sources */,
				BLF0000000000000000000029 /* StepValidationEngine.swift in Sources */,
				BLF0000000000000000000030 /* QRCodeRegistration.swift in Sources */,
				BLF0000000000000000000031 /* Quote.swift in Sources */,
				BLF0000000000000000000032 /* WakeUpCheckConfiguration.swift in Sources */,
				BLF0000000000000000000033 /* AlarmEditorView.swift in Sources */,
				BLF0000000000000000000034 /* MissionConfigurationPicker.swift in Sources */,
				BLF0000000000000000000035 /* AlarmRingingView.swift in Sources */,
				BLF0000000000000000000036 /* SnoozedConfirmationView.swift in Sources */,
				BLF0000000000000000000037 /* AlarmListView.swift in Sources */,
				BLF0000000000000000000038 /* ChessBoardView.swift in Sources */,
				BLF0000000000000000000039 /* ChessMissionContentView.swift in Sources */,
				BLF0000000000000000000040 /* MissionView.swift in Sources */,
				BLF0000000000000000000041 /* QRMissionContentView.swift in Sources */,
				BLF0000000000000000000042 /* MorningCompleteView.swift in Sources */,
				BLF0000000000000000000043 /* QRSetupView.swift in Sources */,
				BLF0000000000000000000044 /* WakeUpCheckView.swift in Sources */,
				BLF0000000000000000000045 /* AlarmKitScheduler.swift in Sources */,
				BLF0000000000000000000046 /* AlarmScheduler.swift in Sources */,
				BLF0000000000000000000047 /* LocalAlarmAudioPlayer.swift in Sources */,
				BLF0000000000000000000048 /* ChessEngine.swift in Sources */,
				BLF0000000000000000000049 /* PuzzleRepository.swift in Sources */,
				BLF0000000000000000000050 /* ExternalAppLauncher.swift in Sources */,
				BLF0000000000000000000051 /* PedometerStepCounter.swift in Sources */,
				BLF0000000000000000000052 /* StepCounter.swift in Sources */,
				BLF0000000000000000000053 /* AlarmRepository.swift in Sources */,
				BLF0000000000000000000054 /* FileAlarmRepository.swift in Sources */,
				BLF0000000000000000000055 /* FileQRCodeRepository.swift in Sources */,
				BLF0000000000000000000056 /* QRCodeRepository.swift in Sources */,
				BLF0000000000000000000057 /* WakeUpCheckStateStore.swift in Sources */,
				BLF0000000000000000000058 /* QRScannerView.swift in Sources */,
				BLF0000000000000000000059 /* QuoteRepository.swift in Sources */,
				BLF0000000000000000000063 /* OpenAlarmIntent.swift in Sources */,
				BLF0000000000000000000079 /* TestMissionView.swift in Sources */,
							BLF0000000000000000000080 /* VolumeForcer.swift in Sources */,
);
			runOnlyForDeploymentPostprocessing = 0;
		};
		SRC0000000000000000000002 /* Sources */ = {
			isa = PBXSourcesBuildPhase;
			buildActionMask = 2147483647;
			files = (
				BLF0000000000000000000064 /* MorningAlarmWidgets.swift in Sources */,
				BLF0000000000000000000065 /* MorningAlarmWidgetsBundle.swift in Sources */,
				BLF0000000000000000000077 /* MorningAlarmMetadata.swift in Sources */,
			);
			runOnlyForDeploymentPostprocessing = 0;
		};
		SRC0000000000000000000003 /* Sources */ = {
			isa = PBXSourcesBuildPhase;
			buildActionMask = 2147483647;
			files = (
				BLF0000000000000000000066 /* AlarmCoordinatorTests.swift in Sources */,
				BLF0000000000000000000067 /* ChessTests.swift in Sources */,
				BLF0000000000000000000068 /* Fakes.swift in Sources */,
				BLF0000000000000000000069 /* MissionConfigurationTests.swift in Sources */,
				BLF0000000000000000000070 /* MissionCoordinatorTests.swift in Sources */,
				BLF0000000000000000000071 /* QRCodeRegistrationTests.swift in Sources */,
				BLF0000000000000000000072 /* QuoteCoordinatorTests.swift in Sources */,
				BLF0000000000000000000073 /* RecurrenceTests.swift in Sources */,
				BLF0000000000000000000074 /* RepositoryTests.swift in Sources */,
				BLF0000000000000000000075 /* StepValidationEngineTests.swift in Sources */,
				BLF0000000000000000000076 /* WakeUpCoordinatorTests.swift in Sources */,
			);
			runOnlyForDeploymentPostprocessing = 0;
		};
/* End PBXSourcesBuildPhase section */

/* Begin PBXTargetDependency section */
		TDP0000000000000000000001 /* PBXTargetDependency */ = {
			isa = PBXTargetDependency;
			target = TGT0000000000000000000002 /* MorningAlarmWidgets */;
			targetProxy = CIP0000000000000000000001 /* PBXContainerItemProxy */;
		};
		TDP0000000000000000000002 /* PBXTargetDependency */ = {
			isa = PBXTargetDependency;
			target = TGT0000000000000000000001 /* MorningAlarm */;
			targetProxy = CIP0000000000000000000002 /* PBXContainerItemProxy */;
		};
/* End PBXTargetDependency section */

/* Begin XCBuildConfiguration section */
		BCF0000000000000000000001 /* Debug */ = {
			isa = XCBuildConfiguration;
			buildSettings = {
				ALWAYS_SEARCH_USER_PATHS = NO;
				ASSETCATALOG_COMPILER_GENERATE_SWIFT_ASSET_SYMBOL_EXTENSIONS = YES;
				CLANG_ENABLE_MODULES = YES;
				CLANG_ENABLE_OBJC_ARC = YES;
				CODE_SIGN_STYLE = Automatic;
				COPY_PHASE_STRIP = NO;
				DEBUG_INFORMATION_FORMAT = dwarf;
				DEVELOPMENT_TEAM = "";
				ENABLE_STRICT_OBJC_MSGSEND = YES;
				ENABLE_TESTABILITY = YES;
				GCC_DYNAMIC_NO_PIC = NO;
				GCC_OPTIMIZATION_LEVEL = 0;
				GCC_PREPROCESSOR_DEFINITIONS = (
					"DEBUG=1",
					"$(inherited)",
				);
				IPHONEOS_DEPLOYMENT_TARGET = 26.0;
				MTL_ENABLE_DEBUG_INFO = INCLUDE_SOURCE;
				ONLY_ACTIVE_ARCH = YES;
				SDKROOT = iphoneos;
				SWIFT_ACTIVE_COMPILATION_CONDITIONS = "DEBUG $(inherited)";
				SWIFT_OPTIMIZATION_LEVEL = "-Onone";
				SWIFT_VERSION = 5.0;
			};
			name = Debug;
		};
		BCF0000000000000000000002 /* Release */ = {
			isa = XCBuildConfiguration;
			buildSettings = {
				ALWAYS_SEARCH_USER_PATHS = NO;
				ASSETCATALOG_COMPILER_GENERATE_SWIFT_ASSET_SYMBOL_EXTENSIONS = YES;
				CLANG_ENABLE_MODULES = YES;
				CLANG_ENABLE_OBJC_ARC = YES;
				CODE_SIGN_STYLE = Automatic;
				COPY_PHASE_STRIP = NO;
				DEBUG_INFORMATION_FORMAT = "dwarf-with-dsym";
				DEVELOPMENT_TEAM = "";
				ENABLE_NS_ASSERTIONS = NO;
				ENABLE_STRICT_OBJC_MSGSEND = YES;
				IPHONEOS_DEPLOYMENT_TARGET = 26.0;
				MTL_ENABLE_DEBUG_INFO = NO;
				SDKROOT = iphoneos;
				SWIFT_COMPILATION_MODE = wholemodule;
				SWIFT_VERSION = 5.0;
				VALIDATE_PRODUCT = YES;
			};
			name = Release;
		};
		BCF0000000000000000000003 /* Debug */ = {
			isa = XCBuildConfiguration;
			buildSettings = {
				ASSETCATALOG_COMPILER_APPICON_NAME = AppIcon;
				ASSETCATALOG_COMPILER_GLOBAL_ACCENT_COLOR_NAME = AccentColor;
				CODE_SIGN_ENTITLEMENTS = MorningAlarm/MorningAlarm.entitlements;
				CODE_SIGN_STYLE = Automatic;
				CURRENT_PROJECT_VERSION = 1;
				DEVELOPMENT_TEAM = PM6L924XY6;
				GENERATE_INFOPLIST_FILE = NO;
				INFOPLIST_FILE = MorningAlarm/Info.plist;
				INFOPLIST_KEY_UIApplicationSupportsIndirectInputEvents = YES;
				INFOPLIST_KEY_UILaunchScreen_Generation = YES;
				INFOPLIST_KEY_UISupportedInterfaceOrientations = UIInterfaceOrientationPortrait;
				IPHONEOS_DEPLOYMENT_TARGET = 26.0;
				LD_RUNPATH_SEARCH_PATHS = (
					"$(inherited)",
					"@executable_path/Frameworks",
				);
				MARKETING_VERSION = 0.0.1;
				PRODUCT_BUNDLE_IDENTIFIER = com.morningalarm.app;
				PRODUCT_NAME = "$(TARGET_NAME)";
				SWIFT_EMIT_LOC_STRINGS = YES;
				SWIFT_VERSION = 5.0;
				TARGETED_DEVICE_FAMILY = "1,2";
			};
			name = Debug;
		};
		BCF0000000000000000000004 /* Release */ = {
			isa = XCBuildConfiguration;
			buildSettings = {
				ASSETCATALOG_COMPILER_APPICON_NAME = AppIcon;
				ASSETCATALOG_COMPILER_GLOBAL_ACCENT_COLOR_NAME = AccentColor;
				CODE_SIGN_ENTITLEMENTS = MorningAlarm/MorningAlarm.entitlements;
				CODE_SIGN_STYLE = Automatic;
				CURRENT_PROJECT_VERSION = 1;
				DEVELOPMENT_TEAM = PM6L924XY6;
				GENERATE_INFOPLIST_FILE = NO;
				INFOPLIST_FILE = MorningAlarm/Info.plist;
				INFOPLIST_KEY_UIApplicationSupportsIndirectInputEvents = YES;
				INFOPLIST_KEY_UILaunchScreen_Generation = YES;
				INFOPLIST_KEY_UISupportedInterfaceOrientations = UIInterfaceOrientationPortrait;
				IPHONEOS_DEPLOYMENT_TARGET = 26.0;
				LD_RUNPATH_SEARCH_PATHS = (
					"$(inherited)",
					"@executable_path/Frameworks",
				);
				MARKETING_VERSION = 0.0.1;
				PRODUCT_BUNDLE_IDENTIFIER = com.morningalarm.app;
				PRODUCT_NAME = "$(TARGET_NAME)";
				SWIFT_EMIT_LOC_STRINGS = YES;
				SWIFT_VERSION = 5.0;
				TARGETED_DEVICE_FAMILY = "1,2";
			};
			name = Release;
		};
		BCF0000000000000000000005 /* Debug */ = {
			isa = XCBuildConfiguration;
			buildSettings = {
				CODE_SIGN_STYLE = Automatic;
				CURRENT_PROJECT_VERSION = 1;
				DEVELOPMENT_TEAM = "";
				GENERATE_INFOPLIST_FILE = NO;
				INFOPLIST_FILE = MorningAlarmWidgets/Info.plist;
				IPHONEOS_DEPLOYMENT_TARGET = 26.0;
				LD_RUNPATH_SEARCH_PATHS = (
					"$(inherited)",
					"@executable_path/Frameworks",
					"@executable_path/../../Frameworks",
				);
				MARKETING_VERSION = 0.0.1;
				PRODUCT_BUNDLE_IDENTIFIER = com.morningalarm.app.widgets;
				PRODUCT_NAME = "$(TARGET_NAME)";
				SKIP_INSTALL = YES;
				SWIFT_EMIT_LOC_STRINGS = YES;
				SWIFT_VERSION = 5.0;
				TARGETED_DEVICE_FAMILY = "1,2";
			};
			name = Debug;
		};
		BCF0000000000000000000006 /* Release */ = {
			isa = XCBuildConfiguration;
			buildSettings = {
				CODE_SIGN_STYLE = Automatic;
				CURRENT_PROJECT_VERSION = 1;
				DEVELOPMENT_TEAM = "";
				GENERATE_INFOPLIST_FILE = NO;
				INFOPLIST_FILE = MorningAlarmWidgets/Info.plist;
				IPHONEOS_DEPLOYMENT_TARGET = 26.0;
				LD_RUNPATH_SEARCH_PATHS = (
					"$(inherited)",
					"@executable_path/Frameworks",
					"@executable_path/../../Frameworks",
				);
				MARKETING_VERSION = 0.0.1;
				PRODUCT_BUNDLE_IDENTIFIER = com.morningalarm.app.widgets;
				PRODUCT_NAME = "$(TARGET_NAME)";
				SKIP_INSTALL = YES;
				SWIFT_EMIT_LOC_STRINGS = YES;
				SWIFT_VERSION = 5.0;
				TARGETED_DEVICE_FAMILY = "1,2";
			};
			name = Release;
		};
		BCF0000000000000000000007 /* Debug */ = {
			isa = XCBuildConfiguration;
			buildSettings = {
				BUNDLE_LOADER = "$(TEST_HOST)";
				CODE_SIGN_STYLE = Automatic;
				CURRENT_PROJECT_VERSION = 1;
				DEVELOPMENT_TEAM = PM6L924XY6;
				GENERATE_INFOPLIST_FILE = YES;
				MARKETING_VERSION = 0.0.1;
				PRODUCT_BUNDLE_IDENTIFIER = com.morningalarm.app.tests;
				PRODUCT_NAME = "$(TARGET_NAME)";
				SWIFT_EMIT_LOC_STRINGS = NO;
				SWIFT_VERSION = 5.0;
				TARGETED_DEVICE_FAMILY = "1,2";
				TEST_HOST = "$(BUILT_PRODUCTS_DIR)/MorningAlarm.app/MorningAlarm";
			};
			name = Debug;
		};
		BCF0000000000000000000008 /* Release */ = {
			isa = XCBuildConfiguration;
			buildSettings = {
				BUNDLE_LOADER = "$(TEST_HOST)";
				CODE_SIGN_STYLE = Automatic;
				CURRENT_PROJECT_VERSION = 1;
				DEVELOPMENT_TEAM = PM6L924XY6;
				GENERATE_INFOPLIST_FILE = YES;
				MARKETING_VERSION = 0.0.1;
				PRODUCT_BUNDLE_IDENTIFIER = com.morningalarm.app.tests;
				PRODUCT_NAME = "$(TARGET_NAME)";
				SWIFT_EMIT_LOC_STRINGS = NO;
				SWIFT_VERSION = 5.0;
				TARGETED_DEVICE_FAMILY = "1,2";
				TEST_HOST = "$(BUILT_PRODUCTS_DIR)/MorningAlarm.app/MorningAlarm";
			};
			name = Release;
		};
/* End XCBuildConfiguration section */

/* Begin XCConfigurationList section */
		CFL0000000000000000000001 /* Build configuration list for PBXProject "MorningAlarm" */ = {
			isa = XCConfigurationList;
			buildConfigurations = (
				BCF0000000000000000000001 /* Debug */,
				BCF0000000000000000000002 /* Release */,
			);
			defaultConfigurationIsVisible = 0;
			defaultConfigurationName = Release;
		};
		CFL0000000000000000000002 /* Build configuration list for PBXNativeTarget "MorningAlarm" */ = {
			isa = XCConfigurationList;
			buildConfigurations = (
				BCF0000000000000000000003 /* Debug */,
				BCF0000000000000000000004 /* Release */,
			);
			defaultConfigurationIsVisible = 0;
			defaultConfigurationName = Release;
		};
		CFL0000000000000000000003 /* Build configuration list for PBXNativeTarget "MorningAlarmWidgets" */ = {
			isa = XCConfigurationList;
			buildConfigurations = (
				BCF0000000000000000000005 /* Debug */,
				BCF0000000000000000000006 /* Release */,
			);
			defaultConfigurationIsVisible = 0;
			defaultConfigurationName = Release;
		};
		CFL0000000000000000000004 /* Build configuration list for PBXNativeTarget "MorningAlarmTests" */ = {
			isa = XCConfigurationList;
			buildConfigurations = (
				BCF0000000000000000000007 /* Debug */,
				BCF0000000000000000000008 /* Release */,
			);
			defaultConfigurationIsVisible = 0;
			defaultConfigurationName = Release;
		};
/* End XCConfigurationList section */
	};
	rootObject = PRJ0000000000000000000001 /* Project object */;
}
